PODS:
  - ASCIImage (1.0.0)
  - CocoaAsyncSocket (7.6.3)
  - CocoaHTTPServer (2.3):
    - CocoaAsyncSocket
    - CocoaLumberjack
  - CocoaLumberjack (3.5.3):
    - CocoaLumberjack/Core (= 3.5.3)
  - CocoaLumberjack/Core (3.5.3)
  - Crashlytics (3.14.0):
    - Fabric (~> 1.10.2)
  - Fabric (1.10.2)
  - MIKMIDI (1.7.0)
  - SocketRocket (0.5.1)
  - Sparkle (1.22.0)

DEPENDENCIES:
  - ASCIImage (= 1.0.0)
  - CocoaAsyncSocket (= 7.6.3)
  - CocoaHTTPServer (= 2.3)
  - CocoaLumberjack (= 3.5.3)
  - Crashlytics (= 3.14.0)
  - Fabric (= 1.10.2)
  - MIKMIDI (= 1.7.0)
  - SocketRocket (= 0.5.1)
  - Sparkle (= 1.22.0)

SPEC REPOS:
  https://github.com/CocoaPods/Specs.git:
    - ASCIImage
    - CocoaAsyncSocket
    - CocoaHTTPServer
    - CocoaLumberjack
    - Crashlytics
    - Fabric
    - MIKMIDI
    - SocketRocket
    - Sparkle

SPEC CHECKSUMS:
  ASCIImage: bcff9650deae86e0e0ac310145cc628948201ab8
  CocoaAsyncSocket: eafaa68a7e0ec99ead0a7b35015e0bf25d2c8987
  CocoaHTTPServer: 5624681fc3473d43b18202f635f9b3abb013b530
  CocoaLumberjack: 2f44e60eb91c176d471fdba43b9e3eae6a721947
  Crashlytics: 540b7e5f5da5a042647227a5e3ac51d85eed06df
  Fabric: 706c8b8098fff96c33c0db69cbf81f9c551d0d74
  MIKMIDI: a9192db16687fcf1d2c82b98492b999fa8ede7c6
  SocketRocket: d57c7159b83c3c6655745cd15302aa24b6bae531
  Sparkle: 593ac2e677c07bcb6c3b22d621240e7cbedaab57

PODFILE CHECKSUM: 506451262083cf85c073a11a2c8d358b1206a55e

COCOAPODS: 1.8.4
