// !$*UTF8*$!
{
	archiveVersion = 1;
	classes = {
	};
	objectVersion = 46;
	objects = {

/* Begin PBXBuildFile section */
		04FBC8221976C37000B33BE3 /* audiodevice.m in Sources */ = {isa = PBXBuildFile; fileRef = 04FBC8211976C37000B33BE3 /* audiodevice.m */; };
		2303FBED196A410D00D2EFDE /* brightness.m in Sources */ = {isa = PBXBuildFile; fileRef = 2303FBEC196A410D00D2EFDE /* brightness.m */; };
		2316BA4A197B28B900EEE33F /* battery.m in Sources */ = {isa = PBXBuildFile; fileRef = 2316BA49197B28B900EEE33F /* battery.m */; };
		2316BA4C197B5E9D00EEE33F /* battery_watcher.m in Sources */ = {isa = PBXBuildFile; fileRef = 2316BA4B197B5E9D00EEE33F /* battery_watcher.m */; };
		9400269519514372000D15C1 /* geometry.lua in Resources */ = {isa = PBXBuildFile; fileRef = 9400269419514372000D15C1 /* geometry.lua */; };
		940026971951437A000D15C1 /* geometry.m in Sources */ = {isa = PBXBuildFile; fileRef = 940026961951437A000D15C1 /* geometry.m */; };
		94022D691976DEAF00BF7CB3 /* hydra_dockicon.m in Sources */ = {isa = PBXBuildFile; fileRef = 94022D681976DEAF00BF7CB3 /* hydra_dockicon.m */; };
		941FA8EC195DA14900F69AC9 /* utf8.m in Sources */ = {isa = PBXBuildFile; fileRef = 941FA8EB195DA14900F69AC9 /* utf8.m */; };
		94276CA71958809C003BF95B /* helpers.m in Sources */ = {isa = PBXBuildFile; fileRef = 94276CA61958809C003BF95B /* helpers.m */; };
		942C332D1980DD6000BAE9A7 /* HydraLicenseRequester.m in Sources */ = {isa = PBXBuildFile; fileRef = 942C332B1980DD6000BAE9A7 /* HydraLicenseRequester.m */; };
		942C332E1980DD6000BAE9A7 /* HydraLicenseRequester.xib in Resources */ = {isa = PBXBuildFile; fileRef = 942C332C1980DD6000BAE9A7 /* HydraLicenseRequester.xib */; };
		942C33311980E54C00BAE9A7 /* hydra_license.m in Sources */ = {isa = PBXBuildFile; fileRef = 942C33301980E54C00BAE9A7 /* hydra_license.m */; };
		942C3335198155F900BAE9A7 /* thumbsup.png in Resources */ = {isa = PBXBuildFile; fileRef = 942C3334198155F900BAE9A7 /* thumbsup.png */; };
		943349CE195DB49700B2BE41 /* json.m in Sources */ = {isa = PBXBuildFile; fileRef = 943349CD195DB49700B2BE41 /* json.m */; };
		943F212F195C527300066DCB /* hydra_settings.m in Sources */ = {isa = PBXBuildFile; fileRef = 943F212E195C527300066DCB /* hydra_settings.m */; };
		94414F47196A1B280067D467 /* Carbon.framework in Frameworks */ = {isa = PBXBuildFile; fileRef = 94414F46196A1B280067D467 /* Carbon.framework */; };
		944247341972410E0003EAFE /* eventtap.lua in Resources */ = {isa = PBXBuildFile; fileRef = 944247331972410E0003EAFE /* eventtap.lua */; };
		9443F2AF1969CF7400E7219D /* inspect.lua in Resources */ = {isa = PBXBuildFile; fileRef = 9443F2AE1969CF7400E7219D /* inspect.lua */; };
		944419C1194F4A51000A55A7 /* timer.m in Sources */ = {isa = PBXBuildFile; fileRef = 944419C0194F4A51000A55A7 /* timer.m */; };
		9445CA0F19083251002568BB /* Cocoa.framework in Frameworks */ = {isa = PBXBuildFile; fileRef = 9445CA0E19083251002568BB /* Cocoa.framework */; };
		9445CA2219083251002568BB /* main.m in Sources */ = {isa = PBXBuildFile; fileRef = 9445CA2119083251002568BB /* main.m */; };
		9445CA2719083251002568BB /* Images.xcassets in Resources */ = {isa = PBXBuildFile; fileRef = 9445CA2619083251002568BB /* Images.xcassets */; };
		9445CA7E190833C1002568BB /* lapi.c in Sources */ = {isa = PBXBuildFile; fileRef = 9445CA43190833C1002568BB /* lapi.c */; };
		9445CA7F190833C1002568BB /* lauxlib.c in Sources */ = {isa = PBXBuildFile; fileRef = 9445CA45190833C1002568BB /* lauxlib.c */; };
		9445CA80190833C1002568BB /* lbaselib.c in Sources */ = {isa = PBXBuildFile; fileRef = 9445CA47190833C1002568BB /* lbaselib.c */; };
		9445CA81190833C1002568BB /* lbitlib.c in Sources */ = {isa = PBXBuildFile; fileRef = 9445CA48190833C1002568BB /* lbitlib.c */; };
		9445CA82190833C1002568BB /* lcode.c in Sources */ = {isa = PBXBuildFile; fileRef = 9445CA49190833C1002568BB /* lcode.c */; };
		9445CA83190833C1002568BB /* lcorolib.c in Sources */ = {isa = PBXBuildFile; fileRef = 9445CA4B190833C1002568BB /* lcorolib.c */; };
		9445CA84190833C1002568BB /* lctype.c in Sources */ = {isa = PBXBuildFile; fileRef = 9445CA4C190833C1002568BB /* lctype.c */; };
		9445CA85190833C1002568BB /* ldblib.c in Sources */ = {isa = PBXBuildFile; fileRef = 9445CA4E190833C1002568BB /* ldblib.c */; };
		9445CA86190833C1002568BB /* ldebug.c in Sources */ = {isa = PBXBuildFile; fileRef = 9445CA4F190833C1002568BB /* ldebug.c */; };
		9445CA87190833C1002568BB /* ldo.c in Sources */ = {isa = PBXBuildFile; fileRef = 9445CA51190833C1002568BB /* ldo.c */; };
		9445CA88190833C1002568BB /* ldump.c in Sources */ = {isa = PBXBuildFile; fileRef = 9445CA53190833C1002568BB /* ldump.c */; };
		9445CA89190833C1002568BB /* lfunc.c in Sources */ = {isa = PBXBuildFile; fileRef = 9445CA54190833C1002568BB /* lfunc.c */; };
		9445CA8A190833C1002568BB /* lgc.c in Sources */ = {isa = PBXBuildFile; fileRef = 9445CA56190833C1002568BB /* lgc.c */; };
		9445CA8B190833C1002568BB /* linit.c in Sources */ = {isa = PBXBuildFile; fileRef = 9445CA58190833C1002568BB /* linit.c */; };
		9445CA8C190833C1002568BB /* liolib.c in Sources */ = {isa = PBXBuildFile; fileRef = 9445CA59190833C1002568BB /* liolib.c */; };
		9445CA8D190833C1002568BB /* llex.c in Sources */ = {isa = PBXBuildFile; fileRef = 9445CA5A190833C1002568BB /* llex.c */; };
		9445CA8E190833C1002568BB /* lmathlib.c in Sources */ = {isa = PBXBuildFile; fileRef = 9445CA5D190833C1002568BB /* lmathlib.c */; };
		9445CA8F190833C1002568BB /* lmem.c in Sources */ = {isa = PBXBuildFile; fileRef = 9445CA5E190833C1002568BB /* lmem.c */; };
		9445CA90190833C1002568BB /* loadlib.c in Sources */ = {isa = PBXBuildFile; fileRef = 9445CA60190833C1002568BB /* loadlib.c */; };
		9445CA91190833C1002568BB /* lobject.c in Sources */ = {isa = PBXBuildFile; fileRef = 9445CA61190833C1002568BB /* lobject.c */; };
		9445CA92190833C1002568BB /* lopcodes.c in Sources */ = {isa = PBXBuildFile; fileRef = 9445CA63190833C1002568BB /* lopcodes.c */; };
		9445CA93190833C1002568BB /* loslib.c in Sources */ = {isa = PBXBuildFile; fileRef = 9445CA65190833C1002568BB /* loslib.c */; };
		9445CA94190833C1002568BB /* lparser.c in Sources */ = {isa = PBXBuildFile; fileRef = 9445CA66190833C1002568BB /* lparser.c */; };
		9445CA95190833C1002568BB /* lstate.c in Sources */ = {isa = PBXBuildFile; fileRef = 9445CA68190833C1002568BB /* lstate.c */; };
		9445CA96190833C1002568BB /* lstring.c in Sources */ = {isa = PBXBuildFile; fileRef = 9445CA6A190833C1002568BB /* lstring.c */; };
		9445CA97190833C1002568BB /* lstrlib.c in Sources */ = {isa = PBXBuildFile; fileRef = 9445CA6C190833C1002568BB /* lstrlib.c */; };
		9445CA98190833C1002568BB /* ltable.c in Sources */ = {isa = PBXBuildFile; fileRef = 9445CA6D190833C1002568BB /* ltable.c */; };
		9445CA99190833C1002568BB /* ltablib.c in Sources */ = {isa = PBXBuildFile; fileRef = 9445CA6F190833C1002568BB /* ltablib.c */; };
		9445CA9A190833C1002568BB /* ltm.c in Sources */ = {isa = PBXBuildFile; fileRef = 9445CA70190833C1002568BB /* ltm.c */; };
		9445CA9D190833C1002568BB /* lundump.c in Sources */ = {isa = PBXBuildFile; fileRef = 9445CA78190833C1002568BB /* lundump.c */; };
		9445CA9E190833C1002568BB /* lvm.c in Sources */ = {isa = PBXBuildFile; fileRef = 9445CA7A190833C1002568BB /* lvm.c */; };
		9445CA9F190833C1002568BB /* lzio.c in Sources */ = {isa = PBXBuildFile; fileRef = 9445CA7C190833C1002568BB /* lzio.c */; };
		9445CAA5190847CB002568BB /* rawinit.lua in Resources */ = {isa = PBXBuildFile; fileRef = 9445CAA4190847CB002568BB /* rawinit.lua */; };
		944C49CD196B2E5C00FF10DD /* docs.json in Resources */ = {isa = PBXBuildFile; fileRef = 944C49CC196B2E5C00FF10DD /* docs.json */; };
		9451673F196B0C5700579B9C /* MainMenu.xib in Resources */ = {isa = PBXBuildFile; fileRef = 9451673E196B0C5600579B9C /* MainMenu.xib */; };
		94517BF91956FA5000F9CCB6 /* textgrid.lua in Resources */ = {isa = PBXBuildFile; fileRef = 94517BF81956FA5000F9CCB6 /* textgrid.lua */; };
		94517BFB1957738100F9CCB6 /* logger.lua in Resources */ = {isa = PBXBuildFile; fileRef = 94517BFA1957738100F9CCB6 /* logger.lua */; };
		945200861950E2760072DFEF /* fallback_init.lua in Resources */ = {isa = PBXBuildFile; fileRef = 945200851950E2760072DFEF /* fallback_init.lua */; };
		945200881950E6C10072DFEF /* sample_init.lua in Resources */ = {isa = PBXBuildFile; fileRef = 945200871950E6C10072DFEF /* sample_init.lua */; };
		9452129A194D59F800217584 /* mouse.m in Sources */ = {isa = PBXBuildFile; fileRef = 94521299194D59F800217584 /* mouse.m */; };
		9452129C194D5B8F00217584 /* hydra_autolaunch.m in Sources */ = {isa = PBXBuildFile; fileRef = 9452129B194D5B8F00217584 /* hydra_autolaunch.m */; };
		9452129E194D65BF00217584 /* PHAlert.m in Sources */ = {isa = PBXBuildFile; fileRef = 9452129D194D65BF00217584 /* PHAlert.m */; };
		945212A0194D697100217584 /* alert.xib in Resources */ = {isa = PBXBuildFile; fileRef = 9452129F194D697100217584 /* alert.xib */; };
		945212A2194D69E700217584 /* pathwatcher.m in Sources */ = {isa = PBXBuildFile; fileRef = 945212A1194D69E700217584 /* pathwatcher.m */; };
		945212A4194D6A6000217584 /* hydra_menu.m in Sources */ = {isa = PBXBuildFile; fileRef = 945212A3194D6A6000217584 /* hydra_menu.m */; };
		945212A7194D6B5900217584 /* menu.png in Resources */ = {isa = PBXBuildFile; fileRef = 945212A5194D6B5900217584 /* menu.png */; };
		945212A8194D6B5900217584 /* menu@2x.png in Resources */ = {isa = PBXBuildFile; fileRef = 945212A6194D6B5900217584 /* menu@2x.png */; };
		9459B58F194CEB07008BC904 /* keycodes.m in Sources */ = {isa = PBXBuildFile; fileRef = 9459B58E194CEB07008BC904 /* keycodes.m */; };
		9459B592194CEE1E008BC904 /* hotkey.m in Sources */ = {isa = PBXBuildFile; fileRef = 9459B591194CEE1E008BC904 /* hotkey.m */; };
		945F2BC01959AFA700D2DE7E /* notify.lua in Resources */ = {isa = PBXBuildFile; fileRef = 945F2BBF1959AFA700D2DE7E /* notify.lua */; };
		946194C8197D49A60076F93C /* Credits.rtf in Resources */ = {isa = PBXBuildFile; fileRef = 946194C7197D49A60076F93C /* Credits.rtf */; };
		946194CA197D5AFB0076F93C /* hydra_packages.lua in Resources */ = {isa = PBXBuildFile; fileRef = 946194C9197D5AFB0076F93C /* hydra_packages.lua */; };
		94668E951958B039009422D7 /* doc.lua in Resources */ = {isa = PBXBuildFile; fileRef = 94668E941958B039009422D7 /* doc.lua */; };
		946AF2CF1976941200A22EBF /* notify_applistener.m in Sources */ = {isa = PBXBuildFile; fileRef = 946AF2CE1976941200A22EBF /* notify_applistener.m */; };
		946AF2D31976AB5D00A22EBF /* hotkey_modal.lua in Resources */ = {isa = PBXBuildFile; fileRef = 946AF2D21976AB5D00A22EBF /* hotkey_modal.lua */; };
		946AF2D61976B87A00A22EBF /* pasteboard.m in Sources */ = {isa = PBXBuildFile; fileRef = 946AF2D51976B87A00A22EBF /* pasteboard.m */; };
		94735C40196DCA9C002A258D /* hydra_ipc.lua in Resources */ = {isa = PBXBuildFile; fileRef = 94735C3F196DCA9C002A258D /* hydra_ipc.lua */; };
		94735C43196DCAB4002A258D /* hydra_ipc.m in Sources */ = {isa = PBXBuildFile; fileRef = 94735C42196DCAB4002A258D /* hydra_ipc.m */; };
		9473A75D1959F9AB0080C329 /* WebKit.framework in Frameworks */ = {isa = PBXBuildFile; fileRef = 9473A75C1959F9AB0080C329 /* WebKit.framework */; };
		947AA3D519843C6300E90EF8 /* eventtap_event.m in Sources */ = {isa = PBXBuildFile; fileRef = 947AA3D419843C6300E90EF8 /* eventtap_event.m */; };
		9480181A1976C0DC0024B39F /* http.m in Sources */ = {isa = PBXBuildFile; fileRef = 948018191976C0DC0024B39F /* http.m */; };
		9480181C1976CDFE0024B39F /* http.lua in Resources */ = {isa = PBXBuildFile; fileRef = 9480181B1976CDFE0024B39F /* http.lua */; };
		948CAA031955AECC00A27D9D /* textgrid.xib in Resources */ = {isa = PBXBuildFile; fileRef = 948CA9F91955AECC00A27D9D /* textgrid.xib */; };
		948CAA041955AECC00A27D9D /* HDTextGridController.m in Sources */ = {isa = PBXBuildFile; fileRef = 948CA9FB1955AECC00A27D9D /* HDTextGridController.m */; };
		948CAA051955AECC00A27D9D /* HDTextGridView.m in Sources */ = {isa = PBXBuildFile; fileRef = 948CA9FD1955AECC00A27D9D /* HDTextGridView.m */; };
		948CAA061955AECC00A27D9D /* textgrid.m in Sources */ = {isa = PBXBuildFile; fileRef = 948CA9FE1955AECC00A27D9D /* textgrid.m */; };
		948CAA081955AECC00A27D9D /* repl.lua in Resources */ = {isa = PBXBuildFile; fileRef = 948CAA001955AECC00A27D9D /* repl.lua */; };
		948CAA0B19561D7300A27D9D /* timer.lua in Resources */ = {isa = PBXBuildFile; fileRef = 948CAA0A19561D7300A27D9D /* timer.lua */; };
		94A1537C194D77A400F29F8F /* window.lua in Resources */ = {isa = PBXBuildFile; fileRef = 94A1537B194D77A400F29F8F /* window.lua */; };
		94ABF0901980B5E900FA68E9 /* Security.framework in Frameworks */ = {isa = PBXBuildFile; fileRef = 94ABF08E1980B41300FA68E9 /* Security.framework */; };
		94BDB49C19094B7A00BD0553 /* application.m in Sources */ = {isa = PBXBuildFile; fileRef = 94BDB49B19094B7A00BD0553 /* application.m */; };
		94BEAA58197EFD8300C4B1CF /* spaces.m in Sources */ = {isa = PBXBuildFile; fileRef = 94BEAA57197EFD8300C4B1CF /* spaces.m */; };
		94C3693E194DD93600EE3A2D /* window.m in Sources */ = {isa = PBXBuildFile; fileRef = 94C3693D194DD93600EE3A2D /* window.m */; };
		94C36940194DD94700EE3A2D /* hydra_updates.m in Sources */ = {isa = PBXBuildFile; fileRef = 94C3693F194DD94700EE3A2D /* hydra_updates.m */; };
		94C36942194DD94D00EE3A2D /* hydra_updates.lua in Resources */ = {isa = PBXBuildFile; fileRef = 94C36941194DD94D00EE3A2D /* hydra_updates.lua */; };
		94C96E6F19548ECB00DBD838 /* hotkey.lua in Resources */ = {isa = PBXBuildFile; fileRef = 94C96E6E19548ECB00DBD838 /* hotkey.lua */; };
		94D86A7D196E231C001B6F05 /* dsa_pub.cer in Resources */ = {isa = PBXBuildFile; fileRef = 94D86A7C196E231C001B6F05 /* dsa_pub.cer */; };
		94D8B5E51980819A003CB313 /* HydraLicense.m in Sources */ = {isa = PBXBuildFile; fileRef = 94D8B5E41980819A003CB313 /* HydraLicense.m */; };
		94DE5947194F11AD004D242E /* fnutils.lua in Resources */ = {isa = PBXBuildFile; fileRef = 94DE5946194F11AD004D242E /* fnutils.lua */; };
		94DE5949194F1A31004D242E /* hydra.m in Sources */ = {isa = PBXBuildFile; fileRef = 94DE5948194F1A31004D242E /* hydra.m */; };
		94DE594B194F1A39004D242E /* hydra.lua in Resources */ = {isa = PBXBuildFile; fileRef = 94DE594A194F1A39004D242E /* hydra.lua */; };
		94E8E7A0194E0AB10064CF6C /* screen.m in Sources */ = {isa = PBXBuildFile; fileRef = 94E8E79F194E0AB10064CF6C /* screen.m */; };
		94E8E7AE194E0C940064CF6C /* Hydra.icns in Resources */ = {isa = PBXBuildFile; fileRef = 94E8E7AD194E0C940064CF6C /* Hydra.icns */; };
		94E8E7BA194E25290064CF6C /* screen.lua in Resources */ = {isa = PBXBuildFile; fileRef = 94E8E7B9194E25290064CF6C /* screen.lua */; };
		94E8E7BC194E25300064CF6C /* application.lua in Resources */ = {isa = PBXBuildFile; fileRef = 94E8E7BB194E25300064CF6C /* application.lua */; };
		94F7A98E1959096100CE7136 /* notify.m in Sources */ = {isa = PBXBuildFile; fileRef = 94F7A98D1959096100CE7136 /* notify.m */; };
		94FF83D61970DAD4005B47D7 /* eventtap.m in Sources */ = {isa = PBXBuildFile; fileRef = 94FF83D51970DAD4005B47D7 /* eventtap.m */; };
/* End PBXBuildFile section */

/* Begin PBXFileReference section */
		04FBC8211976C37000B33BE3 /* audiodevice.m */ = {isa = PBXFileReference; fileEncoding = 4; lastKnownFileType = sourcecode.c.objc; path = audiodevice.m; sourceTree = "<group>"; };
		2303FBEC196A410D00D2EFDE /* brightness.m */ = {isa = PBXFileReference; fileEncoding = 4; lastKnownFileType = sourcecode.c.objc; path = brightness.m; sourceTree = "<group>"; };
		2316BA49197B28B900EEE33F /* battery.m */ = {isa = PBXFileReference; fileEncoding = 4; lastKnownFileType = sourcecode.c.objc; path = battery.m; sourceTree = "<group>"; };
		2316BA4B197B5E9D00EEE33F /* battery_watcher.m */ = {isa = PBXFileReference; fileEncoding = 4; lastKnownFileType = sourcecode.c.objc; path = battery_watcher.m; sourceTree = "<group>"; };
		9400269419514372000D15C1 /* geometry.lua */ = {isa = PBXFileReference; fileEncoding = 4; lastKnownFileType = text; path = geometry.lua; sourceTree = "<group>"; };
		940026961951437A000D15C1 /* geometry.m */ = {isa = PBXFileReference; fileEncoding = 4; lastKnownFileType = sourcecode.c.objc; path = geometry.m; sourceTree = "<group>"; };
		94022D681976DEAF00BF7CB3 /* hydra_dockicon.m */ = {isa = PBXFileReference; fileEncoding = 4; lastKnownFileType = sourcecode.c.objc; path = hydra_dockicon.m; sourceTree = "<group>"; };
		941FA8EB195DA14900F69AC9 /* utf8.m */ = {isa = PBXFileReference; fileEncoding = 4; lastKnownFileType = sourcecode.c.objc; path = utf8.m; sourceTree = "<group>"; };
		94276CA61958809C003BF95B /* helpers.m */ = {isa = PBXFileReference; fileEncoding = 4; lastKnownFileType = sourcecode.c.objc; path = helpers.m; sourceTree = "<group>"; };
		942C332A1980DD6000BAE9A7 /* HydraLicenseRequester.h */ = {isa = PBXFileReference; fileEncoding = 4; lastKnownFileType = sourcecode.c.h; path = HydraLicenseRequester.h; sourceTree = "<group>"; };
		942C332B1980DD6000BAE9A7 /* HydraLicenseRequester.m */ = {isa = PBXFileReference; fileEncoding = 4; lastKnownFileType = sourcecode.c.objc; path = HydraLicenseRequester.m; sourceTree = "<group>"; };
		942C332C1980DD6000BAE9A7 /* HydraLicenseRequester.xib */ = {isa = PBXFileReference; fileEncoding = 4; lastKnownFileType = file.xib; path = HydraLicenseRequester.xib; sourceTree = "<group>"; };
		942C33301980E54C00BAE9A7 /* hydra_license.m */ = {isa = PBXFileReference; fileEncoding = 4; lastKnownFileType = sourcecode.c.objc; path = hydra_license.m; sourceTree = "<group>"; };
		942C3334198155F900BAE9A7 /* thumbsup.png */ = {isa = PBXFileReference; lastKnownFileType = image.png; path = thumbsup.png; sourceTree = "<group>"; };
		943349CD195DB49700B2BE41 /* json.m */ = {isa = PBXFileReference; fileEncoding = 4; lastKnownFileType = sourcecode.c.objc; path = json.m; sourceTree = "<group>"; };
		943F212E195C527300066DCB /* hydra_settings.m */ = {isa = PBXFileReference; fileEncoding = 4; lastKnownFileType = sourcecode.c.objc; path = hydra_settings.m; sourceTree = "<group>"; };
		94414F46196A1B280067D467 /* Carbon.framework */ = {isa = PBXFileReference; lastKnownFileType = wrapper.framework; name = Carbon.framework; path = Platforms/MacOSX.platform/Developer/SDKs/MacOSX10.8.sdk/System/Library/Frameworks/Carbon.framework; sourceTree = DEVELOPER_DIR; };
		944247331972410E0003EAFE /* eventtap.lua */ = {isa = PBXFileReference; fileEncoding = 4; lastKnownFileType = text; path = eventtap.lua; sourceTree = "<group>"; };
		9443F2AE1969CF7400E7219D /* inspect.lua */ = {isa = PBXFileReference; fileEncoding = 4; lastKnownFileType = text; path = inspect.lua; sourceTree = "<group>"; };
		944419C0194F4A51000A55A7 /* timer.m */ = {isa = PBXFileReference; fileEncoding = 4; lastKnownFileType = sourcecode.c.objc; path = timer.m; sourceTree = "<group>"; };
		9445CA0B19083251002568BB /* Hydra.app */ = {isa = PBXFileReference; explicitFileType = wrapper.application; includeInIndex = 0; path = Hydra.app; sourceTree = BUILT_PRODUCTS_DIR; };
		9445CA0E19083251002568BB /* Cocoa.framework */ = {isa = PBXFileReference; lastKnownFileType = wrapper.framework; name = Cocoa.framework; path = System/Library/Frameworks/Cocoa.framework; sourceTree = SDKROOT; };
		9445CA1119083251002568BB /* AppKit.framework */ = {isa = PBXFileReference; lastKnownFileType = wrapper.framework; name = AppKit.framework; path = System/Library/Frameworks/AppKit.framework; sourceTree = SDKROOT; };
		9445CA1219083251002568BB /* CoreData.framework */ = {isa = PBXFileReference; lastKnownFileType = wrapper.framework; name = CoreData.framework; path = System/Library/Frameworks/CoreData.framework; sourceTree = SDKROOT; };
		9445CA1319083251002568BB /* Foundation.framework */ = {isa = PBXFileReference; lastKnownFileType = wrapper.framework; name = Foundation.framework; path = System/Library/Frameworks/Foundation.framework; sourceTree = SDKROOT; };
		9445CA1619083251002568BB /* Hydra-Info.plist */ = {isa = PBXFileReference; lastKnownFileType = text.plist.xml; path = "Hydra-Info.plist"; sourceTree = "<group>"; };
		9445CA1C19083251002568BB /* Hydra-Prefix.pch */ = {isa = PBXFileReference; lastKnownFileType = sourcecode.c.h; path = "Hydra-Prefix.pch"; sourceTree = "<group>"; };
		9445CA2119083251002568BB /* main.m */ = {isa = PBXFileReference; lastKnownFileType = sourcecode.c.objc; path = main.m; sourceTree = "<group>"; };
		9445CA2619083251002568BB /* Images.xcassets */ = {isa = PBXFileReference; lastKnownFileType = folder.assetcatalog; path = Images.xcassets; sourceTree = "<group>"; };
		9445CA2D19083251002568BB /* XCTest.framework */ = {isa = PBXFileReference; lastKnownFileType = wrapper.framework; name = XCTest.framework; path = Library/Frameworks/XCTest.framework; sourceTree = DEVELOPER_DIR; };
		9445CA43190833C1002568BB /* lapi.c */ = {isa = PBXFileReference; fileEncoding = 4; lastKnownFileType = sourcecode.c.c; path = lapi.c; sourceTree = "<group>"; };
		9445CA44190833C1002568BB /* lapi.h */ = {isa = PBXFileReference; fileEncoding = 4; lastKnownFileType = sourcecode.c.h; path = lapi.h; sourceTree = "<group>"; };
		9445CA45190833C1002568BB /* lauxlib.c */ = {isa = PBXFileReference; fileEncoding = 4; lastKnownFileType = sourcecode.c.c; path = lauxlib.c; sourceTree = "<group>"; };
		9445CA46190833C1002568BB /* lauxlib.h */ = {isa = PBXFileReference; fileEncoding = 4; lastKnownFileType = sourcecode.c.h; path = lauxlib.h; sourceTree = "<group>"; };
		9445CA47190833C1002568BB /* lbaselib.c */ = {isa = PBXFileReference; fileEncoding = 4; lastKnownFileType = sourcecode.c.c; path = lbaselib.c; sourceTree = "<group>"; };
		9445CA48190833C1002568BB /* lbitlib.c */ = {isa = PBXFileReference; fileEncoding = 4; lastKnownFileType = sourcecode.c.c; path = lbitlib.c; sourceTree = "<group>"; };
		9445CA49190833C1002568BB /* lcode.c */ = {isa = PBXFileReference; fileEncoding = 4; lastKnownFileType = sourcecode.c.c; path = lcode.c; sourceTree = "<group>"; };
		9445CA4A190833C1002568BB /* lcode.h */ = {isa = PBXFileReference; fileEncoding = 4; lastKnownFileType = sourcecode.c.h; path = lcode.h; sourceTree = "<group>"; };
		9445CA4B190833C1002568BB /* lcorolib.c */ = {isa = PBXFileReference; fileEncoding = 4; lastKnownFileType = sourcecode.c.c; path = lcorolib.c; sourceTree = "<group>"; };
		9445CA4C190833C1002568BB /* lctype.c */ = {isa = PBXFileReference; fileEncoding = 4; lastKnownFileType = sourcecode.c.c; path = lctype.c; sourceTree = "<group>"; };
		9445CA4D190833C1002568BB /* lctype.h */ = {isa = PBXFileReference; fileEncoding = 4; lastKnownFileType = sourcecode.c.h; path = lctype.h; sourceTree = "<group>"; };
		9445CA4E190833C1002568BB /* ldblib.c */ = {isa = PBXFileReference; fileEncoding = 4; lastKnownFileType = sourcecode.c.c; path = ldblib.c; sourceTree = "<group>"; };
		9445CA4F190833C1002568BB /* ldebug.c */ = {isa = PBXFileReference; fileEncoding = 4; lastKnownFileType = sourcecode.c.c; path = ldebug.c; sourceTree = "<group>"; };
		9445CA50190833C1002568BB /* ldebug.h */ = {isa = PBXFileReference; fileEncoding = 4; lastKnownFileType = sourcecode.c.h; path = ldebug.h; sourceTree = "<group>"; };
		9445CA51190833C1002568BB /* ldo.c */ = {isa = PBXFileReference; fileEncoding = 4; lastKnownFileType = sourcecode.c.c; path = ldo.c; sourceTree = "<group>"; };
		9445CA52190833C1002568BB /* ldo.h */ = {isa = PBXFileReference; fileEncoding = 4; lastKnownFileType = sourcecode.c.h; path = ldo.h; sourceTree = "<group>"; };
		9445CA53190833C1002568BB /* ldump.c */ = {isa = PBXFileReference; fileEncoding = 4; lastKnownFileType = sourcecode.c.c; path = ldump.c; sourceTree = "<group>"; };
		9445CA54190833C1002568BB /* lfunc.c */ = {isa = PBXFileReference; fileEncoding = 4; lastKnownFileType = sourcecode.c.c; path = lfunc.c; sourceTree = "<group>"; };
		9445CA55190833C1002568BB /* lfunc.h */ = {isa = PBXFileReference; fileEncoding = 4; lastKnownFileType = sourcecode.c.h; path = lfunc.h; sourceTree = "<group>"; };
		9445CA56190833C1002568BB /* lgc.c */ = {isa = PBXFileReference; fileEncoding = 4; lastKnownFileType = sourcecode.c.c; path = lgc.c; sourceTree = "<group>"; };
		9445CA57190833C1002568BB /* lgc.h */ = {isa = PBXFileReference; fileEncoding = 4; lastKnownFileType = sourcecode.c.h; path = lgc.h; sourceTree = "<group>"; };
		9445CA58190833C1002568BB /* linit.c */ = {isa = PBXFileReference; fileEncoding = 4; lastKnownFileType = sourcecode.c.c; path = linit.c; sourceTree = "<group>"; };
		9445CA59190833C1002568BB /* liolib.c */ = {isa = PBXFileReference; fileEncoding = 4; lastKnownFileType = sourcecode.c.c; path = liolib.c; sourceTree = "<group>"; };
		9445CA5A190833C1002568BB /* llex.c */ = {isa = PBXFileReference; fileEncoding = 4; lastKnownFileType = sourcecode.c.c; path = llex.c; sourceTree = "<group>"; };
		9445CA5B190833C1002568BB /* llex.h */ = {isa = PBXFileReference; fileEncoding = 4; lastKnownFileType = sourcecode.c.h; path = llex.h; sourceTree = "<group>"; };
		9445CA5C190833C1002568BB /* llimits.h */ = {isa = PBXFileReference; fileEncoding = 4; lastKnownFileType = sourcecode.c.h; path = llimits.h; sourceTree = "<group>"; };
		9445CA5D190833C1002568BB /* lmathlib.c */ = {isa = PBXFileReference; fileEncoding = 4; lastKnownFileType = sourcecode.c.c; path = lmathlib.c; sourceTree = "<group>"; };
		9445CA5E190833C1002568BB /* lmem.c */ = {isa = PBXFileReference; fileEncoding = 4; lastKnownFileType = sourcecode.c.c; path = lmem.c; sourceTree = "<group>"; };
		9445CA5F190833C1002568BB /* lmem.h */ = {isa = PBXFileReference; fileEncoding = 4; lastKnownFileType = sourcecode.c.h; path = lmem.h; sourceTree = "<group>"; };
		9445CA60190833C1002568BB /* loadlib.c */ = {isa = PBXFileReference; fileEncoding = 4; lastKnownFileType = sourcecode.c.c; path = loadlib.c; sourceTree = "<group>"; };
		9445CA61190833C1002568BB /* lobject.c */ = {isa = PBXFileReference; fileEncoding = 4; lastKnownFileType = sourcecode.c.c; path = lobject.c; sourceTree = "<group>"; };
		9445CA62190833C1002568BB /* lobject.h */ = {isa = PBXFileReference; fileEncoding = 4; lastKnownFileType = sourcecode.c.h; path = lobject.h; sourceTree = "<group>"; };
		9445CA63190833C1002568BB /* lopcodes.c */ = {isa = PBXFileReference; fileEncoding = 4; lastKnownFileType = sourcecode.c.c; path = lopcodes.c; sourceTree = "<group>"; };
		9445CA64190833C1002568BB /* lopcodes.h */ = {isa = PBXFileReference; fileEncoding = 4; lastKnownFileType = sourcecode.c.h; path = lopcodes.h; sourceTree = "<group>"; };
		9445CA65190833C1002568BB /* loslib.c */ = {isa = PBXFileReference; fileEncoding = 4; lastKnownFileType = sourcecode.c.c; path = loslib.c; sourceTree = "<group>"; };
		9445CA66190833C1002568BB /* lparser.c */ = {isa = PBXFileReference; fileEncoding = 4; lastKnownFileType = sourcecode.c.c; path = lparser.c; sourceTree = "<group>"; };
		9445CA67190833C1002568BB /* lparser.h */ = {isa = PBXFileReference; fileEncoding = 4; lastKnownFileType = sourcecode.c.h; path = lparser.h; sourceTree = "<group>"; };
		9445CA68190833C1002568BB /* lstate.c */ = {isa = PBXFileReference; fileEncoding = 4; lastKnownFileType = sourcecode.c.c; path = lstate.c; sourceTree = "<group>"; };
		9445CA69190833C1002568BB /* lstate.h */ = {isa = PBXFileReference; fileEncoding = 4; lastKnownFileType = sourcecode.c.h; path = lstate.h; sourceTree = "<group>"; };
		9445CA6A190833C1002568BB /* lstring.c */ = {isa = PBXFileReference; fileEncoding = 4; lastKnownFileType = sourcecode.c.c; path = lstring.c; sourceTree = "<group>"; };
		9445CA6B190833C1002568BB /* lstring.h */ = {isa = PBXFileReference; fileEncoding = 4; lastKnownFileType = sourcecode.c.h; path = lstring.h; sourceTree = "<group>"; };
		9445CA6C190833C1002568BB /* lstrlib.c */ = {isa = PBXFileReference; fileEncoding = 4; lastKnownFileType = sourcecode.c.c; path = lstrlib.c; sourceTree = "<group>"; };
		9445CA6D190833C1002568BB /* ltable.c */ = {isa = PBXFileReference; fileEncoding = 4; lastKnownFileType = sourcecode.c.c; path = ltable.c; sourceTree = "<group>"; };
		9445CA6E190833C1002568BB /* ltable.h */ = {isa = PBXFileReference; fileEncoding = 4; lastKnownFileType = sourcecode.c.h; path = ltable.h; sourceTree = "<group>"; };
		9445CA6F190833C1002568BB /* ltablib.c */ = {isa = PBXFileReference; fileEncoding = 4; lastKnownFileType = sourcecode.c.c; path = ltablib.c; sourceTree = "<group>"; };
		9445CA70190833C1002568BB /* ltm.c */ = {isa = PBXFileReference; fileEncoding = 4; lastKnownFileType = sourcecode.c.c; path = ltm.c; sourceTree = "<group>"; };
		9445CA71190833C1002568BB /* ltm.h */ = {isa = PBXFileReference; fileEncoding = 4; lastKnownFileType = sourcecode.c.h; path = ltm.h; sourceTree = "<group>"; };
		9445CA74190833C1002568BB /* lua.hpp */ = {isa = PBXFileReference; fileEncoding = 4; lastKnownFileType = sourcecode.cpp.h; path = lua.hpp; sourceTree = "<group>"; };
		9445CA76190833C1002568BB /* luaconf.h */ = {isa = PBXFileReference; fileEncoding = 4; lastKnownFileType = sourcecode.c.h; path = luaconf.h; sourceTree = "<group>"; };
		9445CA77190833C1002568BB /* lualib.h */ = {isa = PBXFileReference; fileEncoding = 4; lastKnownFileType = sourcecode.c.h; path = lualib.h; sourceTree = "<group>"; };
		9445CA78190833C1002568BB /* lundump.c */ = {isa = PBXFileReference; fileEncoding = 4; lastKnownFileType = sourcecode.c.c; path = lundump.c; sourceTree = "<group>"; };
		9445CA79190833C1002568BB /* lundump.h */ = {isa = PBXFileReference; fileEncoding = 4; lastKnownFileType = sourcecode.c.h; path = lundump.h; sourceTree = "<group>"; };
		9445CA7A190833C1002568BB /* lvm.c */ = {isa = PBXFileReference; fileEncoding = 4; lastKnownFileType = sourcecode.c.c; path = lvm.c; sourceTree = "<group>"; };
		9445CA7B190833C1002568BB /* lvm.h */ = {isa = PBXFileReference; fileEncoding = 4; lastKnownFileType = sourcecode.c.h; path = lvm.h; sourceTree = "<group>"; };
		9445CA7C190833C1002568BB /* lzio.c */ = {isa = PBXFileReference; fileEncoding = 4; lastKnownFileType = sourcecode.c.c; path = lzio.c; sourceTree = "<group>"; };
		9445CA7D190833C1002568BB /* lzio.h */ = {isa = PBXFileReference; fileEncoding = 4; lastKnownFileType = sourcecode.c.h; path = lzio.h; sourceTree = "<group>"; };
		9445CAA019083402002568BB /* lua.h */ = {isa = PBXFileReference; lastKnownFileType = sourcecode.c.h; path = lua.h; sourceTree = "<group>"; };
		9445CAA4190847CB002568BB /* rawinit.lua */ = {isa = PBXFileReference; fileEncoding = 4; lastKnownFileType = text; path = rawinit.lua; sourceTree = "<group>"; };
		944C49CC196B2E5C00FF10DD /* docs.json */ = {isa = PBXFileReference; fileEncoding = 4; lastKnownFileType = text.json; path = docs.json; sourceTree = "<group>"; };
		9451673E196B0C5600579B9C /* MainMenu.xib */ = {isa = PBXFileReference; fileEncoding = 4; lastKnownFileType = file.xib; path = MainMenu.xib; sourceTree = "<group>"; };
		94517BF81956FA5000F9CCB6 /* textgrid.lua */ = {isa = PBXFileReference; fileEncoding = 4; lastKnownFileType = text; path = textgrid.lua; sourceTree = "<group>"; };
		94517BFA1957738100F9CCB6 /* logger.lua */ = {isa = PBXFileReference; fileEncoding = 4; lastKnownFileType = text; path = logger.lua; sourceTree = "<group>"; };
		945200851950E2760072DFEF /* fallback_init.lua */ = {isa = PBXFileReference; fileEncoding = 4; lastKnownFileType = text; path = fallback_init.lua; sourceTree = "<group>"; };
		945200871950E6C10072DFEF /* sample_init.lua */ = {isa = PBXFileReference; fileEncoding = 4; lastKnownFileType = text; path = sample_init.lua; sourceTree = "<group>"; };
		94521299194D59F800217584 /* mouse.m */ = {isa = PBXFileReference; fileEncoding = 4; lastKnownFileType = sourcecode.c.objc; path = mouse.m; sourceTree = "<group>"; };
		9452129B194D5B8F00217584 /* hydra_autolaunch.m */ = {isa = PBXFileReference; fileEncoding = 4; lastKnownFileType = sourcecode.c.objc; path = hydra_autolaunch.m; sourceTree = "<group>"; };
		9452129D194D65BF00217584 /* PHAlert.m */ = {isa = PBXFileReference; fileEncoding = 4; lastKnownFileType = sourcecode.c.objc; path = PHAlert.m; sourceTree = "<group>"; };
		9452129F194D697100217584 /* alert.xib */ = {isa = PBXFileReference; fileEncoding = 4; lastKnownFileType = file.xib; path = alert.xib; sourceTree = "<group>"; };
		945212A1194D69E700217584 /* pathwatcher.m */ = {isa = PBXFileReference; fileEncoding = 4; lastKnownFileType = sourcecode.c.objc; path = pathwatcher.m; sourceTree = "<group>"; };
		945212A3194D6A6000217584 /* hydra_menu.m */ = {isa = PBXFileReference; fileEncoding = 4; lastKnownFileType = sourcecode.c.objc; path = hydra_menu.m; sourceTree = "<group>"; };
		945212A5194D6B5900217584 /* menu.png */ = {isa = PBXFileReference; lastKnownFileType = image.png; path = menu.png; sourceTree = "<group>"; };
		945212A6194D6B5900217584 /* menu@2x.png */ = {isa = PBXFileReference; lastKnownFileType = image.png; path = "menu@2x.png"; sourceTree = "<group>"; };
		9459B58E194CEB07008BC904 /* keycodes.m */ = {isa = PBXFileReference; fileEncoding = 4; lastKnownFileType = sourcecode.c.objc; path = keycodes.m; sourceTree = "<group>"; };
		9459B591194CEE1E008BC904 /* hotkey.m */ = {isa = PBXFileReference; fileEncoding = 4; lastKnownFileType = sourcecode.c.objc; path = hotkey.m; sourceTree = "<group>"; };
		945F2BBF1959AFA700D2DE7E /* notify.lua */ = {isa = PBXFileReference; fileEncoding = 4; lastKnownFileType = text; path = notify.lua; sourceTree = "<group>"; };
		946194C7197D49A60076F93C /* Credits.rtf */ = {isa = PBXFileReference; fileEncoding = 4; lastKnownFileType = text.rtf; path = Credits.rtf; sourceTree = "<group>"; };
		946194C9197D5AFB0076F93C /* hydra_packages.lua */ = {isa = PBXFileReference; fileEncoding = 4; lastKnownFileType = text; path = hydra_packages.lua; sourceTree = "<group>"; };
		94668E941958B039009422D7 /* doc.lua */ = {isa = PBXFileReference; fileEncoding = 4; lastKnownFileType = text; path = doc.lua; sourceTree = "<group>"; };
		946AF2CE1976941200A22EBF /* notify_applistener.m */ = {isa = PBXFileReference; fileEncoding = 4; lastKnownFileType = sourcecode.c.objc; path = notify_applistener.m; sourceTree = "<group>"; };
		946AF2D21976AB5D00A22EBF /* hotkey_modal.lua */ = {isa = PBXFileReference; fileEncoding = 4; lastKnownFileType = text; path = hotkey_modal.lua; sourceTree = "<group>"; };
		946AF2D51976B87A00A22EBF /* pasteboard.m */ = {isa = PBXFileReference; fileEncoding = 4; lastKnownFileType = sourcecode.c.objc; path = pasteboard.m; sourceTree = "<group>"; };
		94735C2F196DC4FE002A258D /* CoreFoundation.framework */ = {isa = PBXFileReference; lastKnownFileType = wrapper.framework; name = CoreFoundation.framework; path = System/Library/Frameworks/CoreFoundation.framework; sourceTree = SDKROOT; };
		94735C3F196DCA9C002A258D /* hydra_ipc.lua */ = {isa = PBXFileReference; fileEncoding = 4; lastKnownFileType = text; path = hydra_ipc.lua; sourceTree = "<group>"; };
		94735C42196DCAB4002A258D /* hydra_ipc.m */ = {isa = PBXFileReference; fileEncoding = 4; lastKnownFileType = sourcecode.c.objc; path = hydra_ipc.m; sourceTree = "<group>"; };
		9473A75C1959F9AB0080C329 /* WebKit.framework */ = {isa = PBXFileReference; lastKnownFileType = wrapper.framework; name = WebKit.framework; path = System/Library/Frameworks/WebKit.framework; sourceTree = SDKROOT; };
		947AA3D419843C6300E90EF8 /* eventtap_event.m */ = {isa = PBXFileReference; fileEncoding = 4; lastKnownFileType = sourcecode.c.objc; path = eventtap_event.m; sourceTree = "<group>"; };
		948018191976C0DC0024B39F /* http.m */ = {isa = PBXFileReference; fileEncoding = 4; lastKnownFileType = sourcecode.c.objc; path = http.m; sourceTree = "<group>"; };
		9480181B1976CDFE0024B39F /* http.lua */ = {isa = PBXFileReference; fileEncoding = 4; lastKnownFileType = text; path = http.lua; sourceTree = "<group>"; };
		94804B08197B3E0D005DE830 /* CGSPrivate.h */ = {isa = PBXFileReference; lastKnownFileType = sourcecode.c.h; path = CGSPrivate.h; sourceTree = "<group>"; };
		948CA9F91955AECC00A27D9D /* textgrid.xib */ = {isa = PBXFileReference; fileEncoding = 4; lastKnownFileType = file.xib; path = textgrid.xib; sourceTree = "<group>"; };
		948CA9FA1955AECC00A27D9D /* HDTextGridController.h */ = {isa = PBXFileReference; fileEncoding = 4; lastKnownFileType = sourcecode.c.h; path = HDTextGridController.h; sourceTree = "<group>"; };
		948CA9FB1955AECC00A27D9D /* HDTextGridController.m */ = {isa = PBXFileReference; fileEncoding = 4; lastKnownFileType = sourcecode.c.objc; path = HDTextGridController.m; sourceTree = "<group>"; };
		948CA9FC1955AECC00A27D9D /* HDTextGridView.h */ = {isa = PBXFileReference; fileEncoding = 4; lastKnownFileType = sourcecode.c.h; path = HDTextGridView.h; sourceTree = "<group>"; };
		948CA9FD1955AECC00A27D9D /* HDTextGridView.m */ = {isa = PBXFileReference; fileEncoding = 4; lastKnownFileType = sourcecode.c.objc; path = HDTextGridView.m; sourceTree = "<group>"; };
		948CA9FE1955AECC00A27D9D /* textgrid.m */ = {isa = PBXFileReference; fileEncoding = 4; lastKnownFileType = sourcecode.c.objc; path = textgrid.m; sourceTree = "<group>"; };
		948CAA001955AECC00A27D9D /* repl.lua */ = {isa = PBXFileReference; fileEncoding = 4; lastKnownFileType = text; path = repl.lua; sourceTree = "<group>"; };
		948CAA0A19561D7300A27D9D /* timer.lua */ = {isa = PBXFileReference; fileEncoding = 4; lastKnownFileType = text; path = timer.lua; sourceTree = "<group>"; };
		94A1537B194D77A400F29F8F /* window.lua */ = {isa = PBXFileReference; fileEncoding = 4; lastKnownFileType = text; path = window.lua; sourceTree = "<group>"; };
		94ABF08E1980B41300FA68E9 /* Security.framework */ = {isa = PBXFileReference; lastKnownFileType = wrapper.framework; name = Security.framework; path = System/Library/Frameworks/Security.framework; sourceTree = SDKROOT; };
		94BDB49B19094B7A00BD0553 /* application.m */ = {isa = PBXFileReference; fileEncoding = 4; lastKnownFileType = sourcecode.c.objc; path = application.m; sourceTree = "<group>"; };
		94BEAA57197EFD8300C4B1CF /* spaces.m */ = {isa = PBXFileReference; fileEncoding = 4; lastKnownFileType = sourcecode.c.objc; path = spaces.m; sourceTree = "<group>"; };
		94C3693D194DD93600EE3A2D /* window.m */ = {isa = PBXFileReference; fileEncoding = 4; lastKnownFileType = sourcecode.c.objc; path = window.m; sourceTree = "<group>"; };
		94C3693F194DD94700EE3A2D /* hydra_updates.m */ = {isa = PBXFileReference; fileEncoding = 4; lastKnownFileType = sourcecode.c.objc; path = hydra_updates.m; sourceTree = "<group>"; };
		94C36941194DD94D00EE3A2D /* hydra_updates.lua */ = {isa = PBXFileReference; fileEncoding = 4; lastKnownFileType = text; path = hydra_updates.lua; sourceTree = "<group>"; };
		94C96E6E19548ECB00DBD838 /* hotkey.lua */ = {isa = PBXFileReference; fileEncoding = 4; lastKnownFileType = text; path = hotkey.lua; sourceTree = "<group>"; };
		94D86A7C196E231C001B6F05 /* dsa_pub.cer */ = {isa = PBXFileReference; fileEncoding = 4; lastKnownFileType = text; path = dsa_pub.cer; sourceTree = "<group>"; };
		94D8B5E31980819A003CB313 /* HydraLicense.h */ = {isa = PBXFileReference; fileEncoding = 4; lastKnownFileType = sourcecode.c.h; path = HydraLicense.h; sourceTree = "<group>"; };
		94D8B5E41980819A003CB313 /* HydraLicense.m */ = {isa = PBXFileReference; fileEncoding = 4; lastKnownFileType = sourcecode.c.objc; path = HydraLicense.m; sourceTree = "<group>"; };
		94DE5946194F11AD004D242E /* fnutils.lua */ = {isa = PBXFileReference; fileEncoding = 4; lastKnownFileType = text; path = fnutils.lua; sourceTree = "<group>"; };
		94DE5948194F1A31004D242E /* hydra.m */ = {isa = PBXFileReference; fileEncoding = 4; lastKnownFileType = sourcecode.c.objc; path = hydra.m; sourceTree = "<group>"; };
		94DE594A194F1A39004D242E /* hydra.lua */ = {isa = PBXFileReference; fileEncoding = 4; lastKnownFileType = text; path = hydra.lua; sourceTree = "<group>"; };
		94E8E79F194E0AB10064CF6C /* screen.m */ = {isa = PBXFileReference; fileEncoding = 4; lastKnownFileType = sourcecode.c.objc; path = screen.m; sourceTree = "<group>"; };
		94E8E7AD194E0C940064CF6C /* Hydra.icns */ = {isa = PBXFileReference; lastKnownFileType = image.icns; path = Hydra.icns; sourceTree = "<group>"; };
		94E8E7B9194E25290064CF6C /* screen.lua */ = {isa = PBXFileReference; fileEncoding = 4; lastKnownFileType = text; path = screen.lua; sourceTree = "<group>"; };
		94E8E7BB194E25300064CF6C /* application.lua */ = {isa = PBXFileReference; fileEncoding = 4; lastKnownFileType = text; path = application.lua; sourceTree = "<group>"; };
		94EF97711958603F00096A41 /* helpers.h */ = {isa = PBXFileReference; fileEncoding = 4; lastKnownFileType = sourcecode.c.h; path = helpers.h; sourceTree = "<group>"; };
		94F7A98D1959096100CE7136 /* notify.m */ = {isa = PBXFileReference; fileEncoding = 4; lastKnownFileType = sourcecode.c.objc; path = notify.m; sourceTree = "<group>"; };
		94FF83D51970DAD4005B47D7 /* eventtap.m */ = {isa = PBXFileReference; fileEncoding = 4; lastKnownFileType = sourcecode.c.objc; path = eventtap.m; sourceTree = "<group>"; };
/* End PBXFileReference section */

/* Begin PBXFrameworksBuildPhase section */
		9445CA0819083251002568BB /* Frameworks */ = {
			isa = PBXFrameworksBuildPhase;
			buildActionMask = 2147483647;
			files = (
				94ABF0901980B5E900FA68E9 /* Security.framework in Frameworks */,
				94414F47196A1B280067D467 /* Carbon.framework in Frameworks */,
				9473A75D1959F9AB0080C329 /* WebKit.framework in Frameworks */,
				9445CA0F19083251002568BB /* Cocoa.framework in Frameworks */,
			);
			runOnlyForDeploymentPostprocessing = 0;
		};
/* End PBXFrameworksBuildPhase section */

/* Begin PBXGroup section */
		94320F411954C61F00D37BF1 /* Source */ = {
			isa = PBXGroup;
			children = (
				944C49CB196B2E3D00FF10DD /* docgen */,
				94516740196B0C6700579B9C /* Bootstrapping */,
				948CA9F61955AE7B00A27D9D /* ThirdParty */,
				94516741196B0CB200579B9C /* API */,
			);
			name = Source;
			sourceTree = "<group>";
		};
		9445CA0219083251002568BB = {
			isa = PBXGroup;
			children = (
				9445CA1419083251002568BB /* Hydra */,
				9445CA0D19083251002568BB /* Frameworks */,
				9445CA0C19083251002568BB /* Products */,
			);
			sourceTree = "<group>";
		};
		9445CA0C19083251002568BB /* Products */ = {
			isa = PBXGroup;
			children = (
				9445CA0B19083251002568BB /* Hydra.app */,
			);
			name = Products;
			sourceTree = "<group>";
		};
		9445CA0D19083251002568BB /* Frameworks */ = {
			isa = PBXGroup;
			children = (
				94ABF08E1980B41300FA68E9 /* Security.framework */,
				94414F46196A1B280067D467 /* Carbon.framework */,
				9473A75C1959F9AB0080C329 /* WebKit.framework */,
				9445CA0E19083251002568BB /* Cocoa.framework */,
				9445CA2D19083251002568BB /* XCTest.framework */,
				94735C2F196DC4FE002A258D /* CoreFoundation.framework */,
				9445CA1019083251002568BB /* Other Frameworks */,
			);
			name = Frameworks;
			sourceTree = "<group>";
		};
		9445CA1019083251002568BB /* Other Frameworks */ = {
			isa = PBXGroup;
			children = (
				9445CA1119083251002568BB /* AppKit.framework */,
				9445CA1219083251002568BB /* CoreData.framework */,
				9445CA1319083251002568BB /* Foundation.framework */,
			);
			name = "Other Frameworks";
			sourceTree = "<group>";
		};
		9445CA1419083251002568BB /* Hydra */ = {
			isa = PBXGroup;
			children = (
				94320F411954C61F00D37BF1 /* Source */,
				9445CA42190833C1002568BB /* lua */,
				9445CA1519083251002568BB /* XcodeCrap */,
			);
			path = Hydra;
			sourceTree = "<group>";
		};
		9445CA1519083251002568BB /* XcodeCrap */ = {
			isa = PBXGroup;
			children = (
				9451673E196B0C5600579B9C /* MainMenu.xib */,
				9445CA2619083251002568BB /* Images.xcassets */,
				94E8E7AD194E0C940064CF6C /* Hydra.icns */,
				9445CA1619083251002568BB /* Hydra-Info.plist */,
				946194C7197D49A60076F93C /* Credits.rtf */,
				94D86A7C196E231C001B6F05 /* dsa_pub.cer */,
				9445CA1C19083251002568BB /* Hydra-Prefix.pch */,
			);
			path = XcodeCrap;
			sourceTree = "<group>";
		};
		9445CA42190833C1002568BB /* lua */ = {
			isa = PBXGroup;
			children = (
				9445CA43190833C1002568BB /* lapi.c */,
				9445CA44190833C1002568BB /* lapi.h */,
				9445CA45190833C1002568BB /* lauxlib.c */,
				9445CA46190833C1002568BB /* lauxlib.h */,
				9445CA47190833C1002568BB /* lbaselib.c */,
				9445CA48190833C1002568BB /* lbitlib.c */,
				9445CA49190833C1002568BB /* lcode.c */,
				9445CA4A190833C1002568BB /* lcode.h */,
				9445CA4B190833C1002568BB /* lcorolib.c */,
				9445CA4C190833C1002568BB /* lctype.c */,
				9445CA4D190833C1002568BB /* lctype.h */,
				9445CA4E190833C1002568BB /* ldblib.c */,
				9445CA4F190833C1002568BB /* ldebug.c */,
				9445CA50190833C1002568BB /* ldebug.h */,
				9445CA51190833C1002568BB /* ldo.c */,
				9445CA52190833C1002568BB /* ldo.h */,
				9445CA53190833C1002568BB /* ldump.c */,
				9445CA54190833C1002568BB /* lfunc.c */,
				9445CA55190833C1002568BB /* lfunc.h */,
				9445CA56190833C1002568BB /* lgc.c */,
				9445CA57190833C1002568BB /* lgc.h */,
				9445CA58190833C1002568BB /* linit.c */,
				9445CA59190833C1002568BB /* liolib.c */,
				9445CA5A190833C1002568BB /* llex.c */,
				9445CA5B190833C1002568BB /* llex.h */,
				9445CA5C190833C1002568BB /* llimits.h */,
				9445CA5D190833C1002568BB /* lmathlib.c */,
				9445CA5E190833C1002568BB /* lmem.c */,
				9445CA5F190833C1002568BB /* lmem.h */,
				9445CA60190833C1002568BB /* loadlib.c */,
				9445CA61190833C1002568BB /* lobject.c */,
				9445CA62190833C1002568BB /* lobject.h */,
				9445CA63190833C1002568BB /* lopcodes.c */,
				9445CA64190833C1002568BB /* lopcodes.h */,
				9445CA65190833C1002568BB /* loslib.c */,
				9445CA66190833C1002568BB /* lparser.c */,
				9445CA67190833C1002568BB /* lparser.h */,
				9445CA68190833C1002568BB /* lstate.c */,
				9445CA69190833C1002568BB /* lstate.h */,
				9445CA6A190833C1002568BB /* lstring.c */,
				9445CA6B190833C1002568BB /* lstring.h */,
				9445CA6C190833C1002568BB /* lstrlib.c */,
				9445CA6D190833C1002568BB /* ltable.c */,
				9445CA6E190833C1002568BB /* ltable.h */,
				9445CA6F190833C1002568BB /* ltablib.c */,
				9445CAA019083402002568BB /* lua.h */,
				9445CA70190833C1002568BB /* ltm.c */,
				9445CA71190833C1002568BB /* ltm.h */,
				9445CA74190833C1002568BB /* lua.hpp */,
				9445CA76190833C1002568BB /* luaconf.h */,
				9445CA77190833C1002568BB /* lualib.h */,
				9445CA78190833C1002568BB /* lundump.c */,
				9445CA79190833C1002568BB /* lundump.h */,
				9445CA7A190833C1002568BB /* lvm.c */,
				9445CA7B190833C1002568BB /* lvm.h */,
				9445CA7C190833C1002568BB /* lzio.c */,
				9445CA7D190833C1002568BB /* lzio.h */,
			);
			path = lua;
			sourceTree = "<group>";
		};
		944C49CB196B2E3D00FF10DD /* docgen */ = {
			isa = PBXGroup;
			children = (
				944C49CC196B2E5C00FF10DD /* docs.json */,
			);
			path = docgen;
			sourceTree = "<group>";
		};
		94516740196B0C6700579B9C /* Bootstrapping */ = {
			isa = PBXGroup;
			children = (
				9445CA2119083251002568BB /* main.m */,
				9445CAA4190847CB002568BB /* rawinit.lua */,
				945200851950E2760072DFEF /* fallback_init.lua */,
				945200871950E6C10072DFEF /* sample_init.lua */,
				94EF97711958603F00096A41 /* helpers.h */,
				94276CA61958809C003BF95B /* helpers.m */,
			);
			path = Bootstrapping;
			sourceTree = "<group>";
		};
		94516741196B0CB200579B9C /* API */ = {
			isa = PBXGroup;
			children = (
				94E8E7BB194E25300064CF6C /* application.lua */,
				94668E941958B039009422D7 /* doc.lua */,
				944247331972410E0003EAFE /* eventtap.lua */,
				94DE5946194F11AD004D242E /* fnutils.lua */,
				9400269419514372000D15C1 /* geometry.lua */,
				94C96E6E19548ECB00DBD838 /* hotkey.lua */,
				9480181B1976CDFE0024B39F /* http.lua */,
				94DE594A194F1A39004D242E /* hydra.lua */,
				94735C3F196DCA9C002A258D /* hydra_ipc.lua */,
				946194C9197D5AFB0076F93C /* hydra_packages.lua */,
				94C36941194DD94D00EE3A2D /* hydra_updates.lua */,
				94517BFA1957738100F9CCB6 /* logger.lua */,
				946AF2D21976AB5D00A22EBF /* hotkey_modal.lua */,
				945F2BBF1959AFA700D2DE7E /* notify.lua */,
				9443F2AE1969CF7400E7219D /* inspect.lua */,
				948CAA001955AECC00A27D9D /* repl.lua */,
				94E8E7B9194E25290064CF6C /* screen.lua */,
				94517BF81956FA5000F9CCB6 /* textgrid.lua */,
				948CAA0A19561D7300A27D9D /* timer.lua */,
				94A1537B194D77A400F29F8F /* window.lua */,
				94BDB49B19094B7A00BD0553 /* application.m */,
				04FBC8211976C37000B33BE3 /* audiodevice.m */,
				2316BA49197B28B900EEE33F /* battery.m */,
				2316BA4B197B5E9D00EEE33F /* battery_watcher.m */,
				2303FBEC196A410D00D2EFDE /* brightness.m */,
				94FF83D51970DAD4005B47D7 /* eventtap.m */,
				947AA3D419843C6300E90EF8 /* eventtap_event.m */,
				940026961951437A000D15C1 /* geometry.m */,
				9459B591194CEE1E008BC904 /* hotkey.m */,
				948018191976C0DC0024B39F /* http.m */,
				94DE5948194F1A31004D242E /* hydra.m */,
				9452129B194D5B8F00217584 /* hydra_autolaunch.m */,
				94022D681976DEAF00BF7CB3 /* hydra_dockicon.m */,
				94735C42196DCAB4002A258D /* hydra_ipc.m */,
				942C33301980E54C00BAE9A7 /* hydra_license.m */,
				945212A3194D6A6000217584 /* hydra_menu.m */,
				943F212E195C527300066DCB /* hydra_settings.m */,
				94C3693F194DD94700EE3A2D /* hydra_updates.m */,
				943349CD195DB49700B2BE41 /* json.m */,
				94521299194D59F800217584 /* mouse.m */,
				94F7A98D1959096100CE7136 /* notify.m */,
				946AF2CE1976941200A22EBF /* notify_applistener.m */,
				946AF2D51976B87A00A22EBF /* pasteboard.m */,
				945212A1194D69E700217584 /* pathwatcher.m */,
				94E8E79F194E0AB10064CF6C /* screen.m */,
				94BEAA57197EFD8300C4B1CF /* spaces.m */,
				948CA9FE1955AECC00A27D9D /* textgrid.m */,
				944419C0194F4A51000A55A7 /* timer.m */,
				941FA8EB195DA14900F69AC9 /* utf8.m */,
				94C3693D194DD93600EE3A2D /* window.m */,
			);
			path = API;
			sourceTree = "<group>";
		};
		948CA9F61955AE7B00A27D9D /* ThirdParty */ = {
			isa = PBXGroup;
			children = (
				948CA9FA1955AECC00A27D9D /* HDTextGridController.h */,
				948CA9FB1955AECC00A27D9D /* HDTextGridController.m */,
				948CA9FC1955AECC00A27D9D /* HDTextGridView.h */,
				948CA9FD1955AECC00A27D9D /* HDTextGridView.m */,
				948CA9F91955AECC00A27D9D /* textgrid.xib */,
				9459B58E194CEB07008BC904 /* keycodes.m */,
				9452129D194D65BF00217584 /* PHAlert.m */,
				9452129F194D697100217584 /* alert.xib */,
				945212A5194D6B5900217584 /* menu.png */,
				945212A6194D6B5900217584 /* menu@2x.png */,
				94804B08197B3E0D005DE830 /* CGSPrivate.h */,
				94D8B5E31980819A003CB313 /* HydraLicense.h */,
				94D8B5E41980819A003CB313 /* HydraLicense.m */,
				942C332A1980DD6000BAE9A7 /* HydraLicenseRequester.h */,
				942C332B1980DD6000BAE9A7 /* HydraLicenseRequester.m */,
				942C332C1980DD6000BAE9A7 /* HydraLicenseRequester.xib */,
				942C3334198155F900BAE9A7 /* thumbsup.png */,
			);
			path = ThirdParty;
			sourceTree = "<group>";
		};
/* End PBXGroup section */

/* Begin PBXNativeTarget section */
		9445CA0A19083251002568BB /* Hydra */ = {
			isa = PBXNativeTarget;
			buildConfigurationList = 9445CA3C19083251002568BB /* Build configuration list for PBXNativeTarget "Hydra" */;
			buildPhases = (
				9445CA0719083251002568BB /* Sources */,
				9445CA0819083251002568BB /* Frameworks */,
				9445CA0919083251002568BB /* Resources */,
			);
			buildRules = (
			);
			dependencies = (
			);
			name = Hydra;
			productName = Hydra;
			productReference = 9445CA0B19083251002568BB /* Hydra.app */;
			productType = "com.apple.product-type.application";
		};
/* End PBXNativeTarget section */

/* Begin PBXProject section */
		9445CA0319083251002568BB /* Project object */ = {
			isa = PBXProject;
			attributes = {
				CLASSPREFIX = "";
				LastUpgradeCheck = 0510;
				ORGANIZATIONNAME = Steven;
			};
			buildConfigurationList = 9445CA0619083251002568BB /* Build configuration list for PBXProject "Hydra" */;
			compatibilityVersion = "Xcode 3.2";
			developmentRegion = English;
			hasScannedForEncodings = 0;
			knownRegions = (
				en,
				Base,
			);
			mainGroup = 9445CA0219083251002568BB;
			productRefGroup = 9445CA0C19083251002568BB /* Products */;
			projectDirPath = "";
			projectRoot = "";
			targets = (
				9445CA0A19083251002568BB /* Hydra */,
			);
		};
/* End PBXProject section */

/* Begin PBXResourcesBuildPhase section */
		9445CA0919083251002568BB /* Resources */ = {
			isa = PBXResourcesBuildPhase;
			buildActionMask = 2147483647;
			files = (
				94C36942194DD94D00EE3A2D /* hydra_updates.lua in Resources */,
				945200881950E6C10072DFEF /* sample_init.lua in Resources */,
				9400269519514372000D15C1 /* geometry.lua in Resources */,
				946194CA197D5AFB0076F93C /* hydra_packages.lua in Resources */,
				94E8E7AE194E0C940064CF6C /* Hydra.icns in Resources */,
				94D86A7D196E231C001B6F05 /* dsa_pub.cer in Resources */,
				9480181C1976CDFE0024B39F /* http.lua in Resources */,
				945212A0194D697100217584 /* alert.xib in Resources */,
				944247341972410E0003EAFE /* eventtap.lua in Resources */,
				94A1537C194D77A400F29F8F /* window.lua in Resources */,
				94735C40196DCA9C002A258D /* hydra_ipc.lua in Resources */,
				942C332E1980DD6000BAE9A7 /* HydraLicenseRequester.xib in Resources */,
				94517BF91956FA5000F9CCB6 /* textgrid.lua in Resources */,
				9445CA2719083251002568BB /* Images.xcassets in Resources */,
				945F2BC01959AFA700D2DE7E /* notify.lua in Resources */,
				945212A7194D6B5900217584 /* menu.png in Resources */,
				9451673F196B0C5700579B9C /* MainMenu.xib in Resources */,
				94E8E7BC194E25300064CF6C /* application.lua in Resources */,
				94DE594B194F1A39004D242E /* hydra.lua in Resources */,
				94C96E6F19548ECB00DBD838 /* hotkey.lua in Resources */,
				9445CAA5190847CB002568BB /* rawinit.lua in Resources */,
				946194C8197D49A60076F93C /* Credits.rtf in Resources */,
				944C49CD196B2E5C00FF10DD /* docs.json in Resources */,
				945200861950E2760072DFEF /* fallback_init.lua in Resources */,
				94E8E7BA194E25290064CF6C /* screen.lua in Resources */,
				9443F2AF1969CF7400E7219D /* inspect.lua in Resources */,
				948CAA0B19561D7300A27D9D /* timer.lua in Resources */,
				948CAA081955AECC00A27D9D /* repl.lua in Resources */,
				94DE5947194F11AD004D242E /* fnutils.lua in Resources */,
				94517BFB1957738100F9CCB6 /* logger.lua in Resources */,
				942C3335198155F900BAE9A7 /* thumbsup.png in Resources */,
				948CAA031955AECC00A27D9D /* textgrid.xib in Resources */,
				946AF2D31976AB5D00A22EBF /* hotkey_modal.lua in Resources */,
				94668E951958B039009422D7 /* doc.lua in Resources */,
				945212A8194D6B5900217584 /* menu@2x.png in Resources */,
			);
			runOnlyForDeploymentPostprocessing = 0;
		};
/* End PBXResourcesBuildPhase section */

/* Begin PBXSourcesBuildPhase section */
		9445CA0719083251002568BB /* Sources */ = {
			isa = PBXSourcesBuildPhase;
			buildActionMask = 2147483647;
			files = (
				9445CA82190833C1002568BB /* lcode.c in Sources */,
				9452129A194D59F800217584 /* mouse.m in Sources */,
				9459B592194CEE1E008BC904 /* hotkey.m in Sources */,
				944419C1194F4A51000A55A7 /* timer.m in Sources */,
				945212A4194D6A6000217584 /* hydra_menu.m in Sources */,
				9445CA83190833C1002568BB /* lcorolib.c in Sources */,
				9445CA89190833C1002568BB /* lfunc.c in Sources */,
				94D8B5E51980819A003CB313 /* HydraLicense.m in Sources */,
				948CAA041955AECC00A27D9D /* HDTextGridController.m in Sources */,
				943F212F195C527300066DCB /* hydra_settings.m in Sources */,
				9445CA2219083251002568BB /* main.m in Sources */,
				9445CA86190833C1002568BB /* ldebug.c in Sources */,
				9445CA8C190833C1002568BB /* liolib.c in Sources */,
				9445CA93190833C1002568BB /* loslib.c in Sources */,
				9452129C194D5B8F00217584 /* hydra_autolaunch.m in Sources */,
				9445CA80190833C1002568BB /* lbaselib.c in Sources */,
				9445CA9A190833C1002568BB /* ltm.c in Sources */,
				942C332D1980DD6000BAE9A7 /* HydraLicenseRequester.m in Sources */,
				9445CA85190833C1002568BB /* ldblib.c in Sources */,
				945212A2194D69E700217584 /* pathwatcher.m in Sources */,
				94FF83D61970DAD4005B47D7 /* eventtap.m in Sources */,
				9445CA81190833C1002568BB /* lbitlib.c in Sources */,
				9445CA8B190833C1002568BB /* linit.c in Sources */,
				942C33311980E54C00BAE9A7 /* hydra_license.m in Sources */,
				9445CA9E190833C1002568BB /* lvm.c in Sources */,
				947AA3D519843C6300E90EF8 /* eventtap_event.m in Sources */,
				2316BA4C197B5E9D00EEE33F /* battery_watcher.m in Sources */,
				9445CA8F190833C1002568BB /* lmem.c in Sources */,
				94276CA71958809C003BF95B /* helpers.m in Sources */,
				9445CA88190833C1002568BB /* ldump.c in Sources */,
				9480181A1976C0DC0024B39F /* http.m in Sources */,
				94F7A98E1959096100CE7136 /* notify.m in Sources */,
				9452129E194D65BF00217584 /* PHAlert.m in Sources */,
				94DE5949194F1A31004D242E /* hydra.m in Sources */,
				9445CA96190833C1002568BB /* lstring.c in Sources */,
				9445CA7E190833C1002568BB /* lapi.c in Sources */,
				2316BA4A197B28B900EEE33F /* battery.m in Sources */,
				9445CA9F190833C1002568BB /* lzio.c in Sources */,
				94C36940194DD94700EE3A2D /* hydra_updates.m in Sources */,
				04FBC8221976C37000B33BE3 /* audiodevice.m in Sources */,
				941FA8EC195DA14900F69AC9 /* utf8.m in Sources */,
				9445CA95190833C1002568BB /* lstate.c in Sources */,
				9445CA92190833C1002568BB /* lopcodes.c in Sources */,
				9445CA8D190833C1002568BB /* llex.c in Sources */,
				94C3693E194DD93600EE3A2D /* window.m in Sources */,
				94E8E7A0194E0AB10064CF6C /* screen.m in Sources */,
				9445CA9D190833C1002568BB /* lundump.c in Sources */,
				94022D691976DEAF00BF7CB3 /* hydra_dockicon.m in Sources */,
				2303FBED196A410D00D2EFDE /* brightness.m in Sources */,
				9445CA87190833C1002568BB /* ldo.c in Sources */,
				948CAA051955AECC00A27D9D /* HDTextGridView.m in Sources */,
				9445CA90190833C1002568BB /* loadlib.c in Sources */,
				9445CA91190833C1002568BB /* lobject.c in Sources */,
				94BDB49C19094B7A00BD0553 /* application.m in Sources */,
				9445CA99190833C1002568BB /* ltablib.c in Sources */,
				943349CE195DB49700B2BE41 /* json.m in Sources */,
				9445CA97190833C1002568BB /* lstrlib.c in Sources */,
				94735C43196DCAB4002A258D /* hydra_ipc.m in Sources */,
				9445CA8E190833C1002568BB /* lmathlib.c in Sources */,
				9445CA8A190833C1002568BB /* lgc.c in Sources */,
				94BEAA58197EFD8300C4B1CF /* spaces.m in Sources */,
				948CAA061955AECC00A27D9D /* textgrid.m in Sources */,
				9459B58F194CEB07008BC904 /* keycodes.m in Sources */,
				9445CA84190833C1002568BB /* lctype.c in Sources */,
				9445CA7F190833C1002568BB /* lauxlib.c in Sources */,
				9445CA94190833C1002568BB /* lparser.c in Sources */,
				940026971951437A000D15C1 /* geometry.m in Sources */,
				946AF2D61976B87A00A22EBF /* pasteboard.m in Sources */,
				9445CA98190833C1002568BB /* ltable.c in Sources */,
				946AF2CF1976941200A22EBF /* notify_applistener.m in Sources */,
			);
			runOnlyForDeploymentPostprocessing = 0;
		};
/* End PBXSourcesBuildPhase section */

/* Begin XCBuildConfiguration section */
		9445CA3A19083251002568BB /* Debug */ = {
			isa = XCBuildConfiguration;
			buildSettings = {
				ALWAYS_SEARCH_USER_PATHS = NO;
				CLANG_CXX_LANGUAGE_STANDARD = "gnu++0x";
				CLANG_CXX_LIBRARY = "libc++";
				CLANG_ENABLE_MODULES = YES;
				CLANG_ENABLE_OBJC_ARC = YES;
				CLANG_WARN_BOOL_CONVERSION = YES;
				CLANG_WARN_CONSTANT_CONVERSION = YES;
				CLANG_WARN_DIRECT_OBJC_ISA_USAGE = YES_ERROR;
				CLANG_WARN_EMPTY_BODY = YES;
				CLANG_WARN_ENUM_CONVERSION = YES;
				CLANG_WARN_INT_CONVERSION = YES;
				CLANG_WARN_OBJC_ROOT_CLASS = YES_ERROR;
				CLANG_WARN__DUPLICATE_METHOD_MATCH = YES;
				COPY_PHASE_STRIP = NO;
				GCC_C_LANGUAGE_STANDARD = gnu99;
				GCC_DYNAMIC_NO_PIC = NO;
				GCC_ENABLE_OBJC_EXCEPTIONS = YES;
				GCC_OPTIMIZATION_LEVEL = 0;
				GCC_PREPROCESSOR_DEFINITIONS = (
					"DEBUG=1",
					"$(inherited)",
				);
				GCC_SYMBOLS_PRIVATE_EXTERN = NO;
				GCC_WARN_64_TO_32_BIT_CONVERSION = YES;
				GCC_WARN_ABOUT_RETURN_TYPE = YES_ERROR;
				GCC_WARN_UNDECLARED_SELECTOR = YES;
				GCC_WARN_UNINITIALIZED_AUTOS = YES_AGGRESSIVE;
				GCC_WARN_UNUSED_FUNCTION = YES;
				GCC_WARN_UNUSED_VARIABLE = YES;
				MACOSX_DEPLOYMENT_TARGET = 10.9;
				ONLY_ACTIVE_ARCH = YES;
				SDKROOT = macosx;
			};
			name = Debug;
		};
		9445CA3B19083251002568BB /* Release */ = {
			isa = XCBuildConfiguration;
			buildSettings = {
				ALWAYS_SEARCH_USER_PATHS = NO;
				CLANG_CXX_LANGUAGE_STANDARD = "gnu++0x";
				CLANG_CXX_LIBRARY = "libc++";
				CLANG_ENABLE_MODULES = YES;
				CLANG_ENABLE_OBJC_ARC = YES;
				CLANG_WARN_BOOL_CONVERSION = YES;
				CLANG_WARN_CONSTANT_CONVERSION = YES;
				CLANG_WARN_DIRECT_OBJC_ISA_USAGE = YES_ERROR;
				CLANG_WARN_EMPTY_BODY = YES;
				CLANG_WARN_ENUM_CONVERSION = YES;
				CLANG_WARN_INT_CONVERSION = YES;
				CLANG_WARN_OBJC_ROOT_CLASS = YES_ERROR;
				CLANG_WARN__DUPLICATE_METHOD_MATCH = YES;
				COPY_PHASE_STRIP = YES;
				DEBUG_INFORMATION_FORMAT = "dwarf-with-dsym";
				ENABLE_NS_ASSERTIONS = NO;
				GCC_C_LANGUAGE_STANDARD = gnu99;
				GCC_ENABLE_OBJC_EXCEPTIONS = YES;
				GCC_WARN_64_TO_32_BIT_CONVERSION = YES;
				GCC_WARN_ABOUT_RETURN_TYPE = YES_ERROR;
				GCC_WARN_UNDECLARED_SELECTOR = YES;
				GCC_WARN_UNINITIALIZED_AUTOS = YES_AGGRESSIVE;
				GCC_WARN_UNUSED_FUNCTION = YES;
				GCC_WARN_UNUSED_VARIABLE = YES;
				MACOSX_DEPLOYMENT_TARGET = 10.9;
				SDKROOT = macosx;
			};
			name = Release;
		};
		9445CA3D19083251002568BB /* Debug */ = {
			isa = XCBuildConfiguration;
			buildSettings = {
				ASSETCATALOG_COMPILER_APPICON_NAME = AppIcon;
				COMBINE_HIDPI_IMAGES = YES;
				GCC_PRECOMPILE_PREFIX_HEADER = YES;
				GCC_PREFIX_HEADER = "Hydra/XcodeCrap/Hydra-Prefix.pch";
				INFOPLIST_FILE = "Hydra/XcodeCrap/Hydra-Info.plist";
				MACOSX_DEPLOYMENT_TARGET = 10.8;
				PRODUCT_NAME = Hydra;
				SDKROOT = macosx10.9;
				WRAPPER_EXTENSION = app;
			};
			name = Debug;
		};
		9445CA3E19083251002568BB /* Release */ = {
			isa = XCBuildConfiguration;
			buildSettings = {
				ASSETCATALOG_COMPILER_APPICON_NAME = AppIcon;
				COMBINE_HIDPI_IMAGES = YES;
				GCC_PRECOMPILE_PREFIX_HEADER = YES;
				GCC_PREFIX_HEADER = "Hydra/XcodeCrap/Hydra-Prefix.pch";
				INFOPLIST_FILE = "Hydra/XcodeCrap/Hydra-Info.plist";
				MACOSX_DEPLOYMENT_TARGET = 10.8;
				PRODUCT_NAME = Hydra;
				SDKROOT = macosx10.9;
				WRAPPER_EXTENSION = app;
			};
			name = Release;
		};
/* End XCBuildConfiguration section */

/* Begin XCConfigurationList section */
		9445CA0619083251002568BB /* Build configuration list for PBXProject "Hydra" */ = {
			isa = XCConfigurationList;
			buildConfigurations = (
				9445CA3A19083251002568BB /* Debug */,
				9445CA3B19083251002568BB /* Release */,
			);
			defaultConfigurationIsVisible = 0;
			defaultConfigurationName = Release;
		};
		9445CA3C19083251002568BB /* Build configuration list for PBXNativeTarget "Hydra" */ = {
			isa = XCConfigurationList;
			buildConfigurations = (
				9445CA3D19083251002568BB /* Debug */,
				9445CA3E19083251002568BB /* Release */,
			);
			defaultConfigurationIsVisible = 0;
			defaultConfigurationName = Release;
		};
/* End XCConfigurationList section */
	};
	rootObject = 9445CA0319083251002568BB /* Project object */;
}
