// !$*UTF8*$!
{
	archiveVersion = 1;
	classes = {
	};
	objectVersion = 46;
	objects = {

/* Begin PBXBuildFile section */
		9445CA0F19083251002568BB /* Cocoa.framework in Frameworks */ = {isa = PBXBuildFile; fileRef = 9445CA0E19083251002568BB /* Cocoa.framework */; };
		9445CA1B19083251002568BB /* main.m in Sources */ = {isa = PBXBuildFile; fileRef = 9445CA1A19083251002568BB /* main.m */; };
		9445CA2219083251002568BB /* app_delegate.m in Sources */ = {isa = PBXBuildFile; fileRef = 9445CA2119083251002568BB /* app_delegate.m */; };
		9445CA2519083251002568BB /* MainMenu.xib in Resources */ = {isa = PBXBuildFile; fileRef = 9445CA2319083251002568BB /* MainMenu.xib */; };
		9445CA2719083251002568BB /* Images.xcassets in Resources */ = {isa = PBXBuildFile; fileRef = 9445CA2619083251002568BB /* Images.xcassets */; };
		9445CA7E190833C1002568BB /* lapi.c in Sources */ = {isa = PBXBuildFile; fileRef = 9445CA43190833C1002568BB /* lapi.c */; };
		9445CA7F190833C1002568BB /* lauxlib.c in Sources */ = {isa = PBXBuildFile; fileRef = 9445CA45190833C1002568BB /* lauxlib.c */; };
		9445CA80190833C1002568BB /* lbaselib.c in Sources */ = {isa = PBXBuildFile; fileRef = 9445CA47190833C1002568BB /* lbaselib.c */; };
		9445CA81190833C1002568BB /* lbitlib.c in Sources */ = {isa = PBXBuildFile; fileRef = 9445CA48190833C1002568BB /* lbitlib.c */; };
		9445CA82190833C1002568BB /* lcode.c in Sources */ = {isa = PBXBuildFile; fileRef = 9445CA49190833C1002568BB /* lcode.c */; };
		9445CA83190833C1002568BB /* lcorolib.c in Sources */ = {isa = PBXBuildFile; fileRef = 9445CA4B190833C1002568BB /* lcorolib.c */; };
		9445CA84190833C1002568BB /* lctype.c in Sources */ = {isa = PBXBuildFile; fileRef = 9445CA4C190833C1002568BB /* lctype.c */; };
		9445CA85190833C1002568BB /* ldblib.c in Sources */ = {isa = PBXBuildFile; fileRef = 9445CA4E190833C1002568BB /* ldblib.c */; };
		9445CA86190833C1002568BB /* ldebug.c in Sources */ = {isa = PBXBuildFile; fileRef = 9445CA4F190833C1002568BB /* ldebug.c */; };
		9445CA87190833C1002568BB /* ldo.c in Sources */ = {isa = PBXBuildFile; fileRef = 9445CA51190833C1002568BB /* ldo.c */; };
		9445CA88190833C1002568BB /* ldump.c in Sources */ = {isa = PBXBuildFile; fileRef = 9445CA53190833C1002568BB /* ldump.c */; };
		9445CA89190833C1002568BB /* lfunc.c in Sources */ = {isa = PBXBuildFile; fileRef = 9445CA54190833C1002568BB /* lfunc.c */; };
		9445CA8A190833C1002568BB /* lgc.c in Sources */ = {isa = PBXBuildFile; fileRef = 9445CA56190833C1002568BB /* lgc.c */; };
		9445CA8B190833C1002568BB /* linit.c in Sources */ = {isa = PBXBuildFile; fileRef = 9445CA58190833C1002568BB /* linit.c */; };
		9445CA8C190833C1002568BB /* liolib.c in Sources */ = {isa = PBXBuildFile; fileRef = 9445CA59190833C1002568BB /* liolib.c */; };
		9445CA8D190833C1002568BB /* llex.c in Sources */ = {isa = PBXBuildFile; fileRef = 9445CA5A190833C1002568BB /* llex.c */; };
		9445CA8E190833C1002568BB /* lmathlib.c in Sources */ = {isa = PBXBuildFile; fileRef = 9445CA5D190833C1002568BB /* lmathlib.c */; };
		9445CA8F190833C1002568BB /* lmem.c in Sources */ = {isa = PBXBuildFile; fileRef = 9445CA5E190833C1002568BB /* lmem.c */; };
		9445CA90190833C1002568BB /* loadlib.c in Sources */ = {isa = PBXBuildFile; fileRef = 9445CA60190833C1002568BB /* loadlib.c */; };
		9445CA91190833C1002568BB /* lobject.c in Sources */ = {isa = PBXBuildFile; fileRef = 9445CA61190833C1002568BB /* lobject.c */; };
		9445CA92190833C1002568BB /* lopcodes.c in Sources */ = {isa = PBXBuildFile; fileRef = 9445CA63190833C1002568BB /* lopcodes.c */; };
		9445CA93190833C1002568BB /* loslib.c in Sources */ = {isa = PBXBuildFile; fileRef = 9445CA65190833C1002568BB /* loslib.c */; };
		9445CA94190833C1002568BB /* lparser.c in Sources */ = {isa = PBXBuildFile; fileRef = 9445CA66190833C1002568BB /* lparser.c */; };
		9445CA95190833C1002568BB /* lstate.c in Sources */ = {isa = PBXBuildFile; fileRef = 9445CA68190833C1002568BB /* lstate.c */; };
		9445CA96190833C1002568BB /* lstring.c in Sources */ = {isa = PBXBuildFile; fileRef = 9445CA6A190833C1002568BB /* lstring.c */; };
		9445CA97190833C1002568BB /* lstrlib.c in Sources */ = {isa = PBXBuildFile; fileRef = 9445CA6C190833C1002568BB /* lstrlib.c */; };
		9445CA98190833C1002568BB /* ltable.c in Sources */ = {isa = PBXBuildFile; fileRef = 9445CA6D190833C1002568BB /* ltable.c */; };
		9445CA99190833C1002568BB /* ltablib.c in Sources */ = {isa = PBXBuildFile; fileRef = 9445CA6F190833C1002568BB /* ltablib.c */; };
		9445CA9A190833C1002568BB /* ltm.c in Sources */ = {isa = PBXBuildFile; fileRef = 9445CA70190833C1002568BB /* ltm.c */; };
		9445CA9D190833C1002568BB /* lundump.c in Sources */ = {isa = PBXBuildFile; fileRef = 9445CA78190833C1002568BB /* lundump.c */; };
		9445CA9E190833C1002568BB /* lvm.c in Sources */ = {isa = PBXBuildFile; fileRef = 9445CA7A190833C1002568BB /* lvm.c */; };
		9445CA9F190833C1002568BB /* lzio.c in Sources */ = {isa = PBXBuildFile; fileRef = 9445CA7C190833C1002568BB /* lzio.c */; };
		9445CAA5190847CB002568BB /* phoenix_init.lua in Resources */ = {isa = PBXBuildFile; fileRef = 9445CAA4190847CB002568BB /* phoenix_init.lua */; };
		9452129A194D59F800217584 /* mouse.m in Sources */ = {isa = PBXBuildFile; fileRef = 94521299194D59F800217584 /* mouse.m */; };
		9452129C194D5B8F00217584 /* login.m in Sources */ = {isa = PBXBuildFile; fileRef = 9452129B194D5B8F00217584 /* login.m */; };
		9452129E194D65BF00217584 /* alert.m in Sources */ = {isa = PBXBuildFile; fileRef = 9452129D194D65BF00217584 /* alert.m */; };
		945212A0194D697100217584 /* AlertWindow.xib in Resources */ = {isa = PBXBuildFile; fileRef = 9452129F194D697100217584 /* AlertWindow.xib */; };
		945212A2194D69E700217584 /* path_watcher.m in Sources */ = {isa = PBXBuildFile; fileRef = 945212A1194D69E700217584 /* path_watcher.m */; };
		945212A4194D6A6000217584 /* menu_icon.m in Sources */ = {isa = PBXBuildFile; fileRef = 945212A3194D6A6000217584 /* menu_icon.m */; };
		945212A7194D6B5900217584 /* statusitem.png in Resources */ = {isa = PBXBuildFile; fileRef = 945212A5194D6B5900217584 /* statusitem.png */; };
		945212A8194D6B5900217584 /* statusitem@2x.png in Resources */ = {isa = PBXBuildFile; fileRef = 945212A6194D6B5900217584 /* statusitem@2x.png */; };
		945212AA194D6CF700217584 /* misc.m in Sources */ = {isa = PBXBuildFile; fileRef = 945212A9194D6CF700217584 /* misc.m */; };
		9459B58F194CEB07008BC904 /* key_translator.m in Sources */ = {isa = PBXBuildFile; fileRef = 9459B58E194CEB07008BC904 /* key_translator.m */; };
		9459B592194CEE1E008BC904 /* hotkey.m in Sources */ = {isa = PBXBuildFile; fileRef = 9459B591194CEE1E008BC904 /* hotkey.m */; };
		94A1537C194D77A400F29F8F /* window.lua in Resources */ = {isa = PBXBuildFile; fileRef = 94A1537B194D77A400F29F8F /* window.lua */; };
		94BDB49C19094B7A00BD0553 /* app.m in Sources */ = {isa = PBXBuildFile; fileRef = 94BDB49B19094B7A00BD0553 /* app.m */; };
		94C3693E194DD93600EE3A2D /* window.m in Sources */ = {isa = PBXBuildFile; fileRef = 94C3693D194DD93600EE3A2D /* window.m */; };
		94C36940194DD94700EE3A2D /* updater.m in Sources */ = {isa = PBXBuildFile; fileRef = 94C3693F194DD94700EE3A2D /* updater.m */; };
		94C36942194DD94D00EE3A2D /* updater.lua in Resources */ = {isa = PBXBuildFile; fileRef = 94C36941194DD94D00EE3A2D /* updater.lua */; };
/* End PBXBuildFile section */

/* Begin PBXFileReference section */
		9445CA0B19083251002568BB /* Phoenix.app */ = {isa = PBXFileReference; explicitFileType = wrapper.application; includeInIndex = 0; path = Phoenix.app; sourceTree = BUILT_PRODUCTS_DIR; };
		9445CA0E19083251002568BB /* Cocoa.framework */ = {isa = PBXFileReference; lastKnownFileType = wrapper.framework; name = Cocoa.framework; path = System/Library/Frameworks/Cocoa.framework; sourceTree = SDKROOT; };
		9445CA1119083251002568BB /* AppKit.framework */ = {isa = PBXFileReference; lastKnownFileType = wrapper.framework; name = AppKit.framework; path = System/Library/Frameworks/AppKit.framework; sourceTree = SDKROOT; };
		9445CA1219083251002568BB /* CoreData.framework */ = {isa = PBXFileReference; lastKnownFileType = wrapper.framework; name = CoreData.framework; path = System/Library/Frameworks/CoreData.framework; sourceTree = SDKROOT; };
		9445CA1319083251002568BB /* Foundation.framework */ = {isa = PBXFileReference; lastKnownFileType = wrapper.framework; name = Foundation.framework; path = System/Library/Frameworks/Foundation.framework; sourceTree = SDKROOT; };
		9445CA1619083251002568BB /* Phoenix-Info.plist */ = {isa = PBXFileReference; lastKnownFileType = text.plist.xml; path = "Phoenix-Info.plist"; sourceTree = "<group>"; };
		9445CA1A19083251002568BB /* main.m */ = {isa = PBXFileReference; lastKnownFileType = sourcecode.c.objc; path = main.m; sourceTree = "<group>"; };
		9445CA1C19083251002568BB /* Phoenix-Prefix.pch */ = {isa = PBXFileReference; lastKnownFileType = sourcecode.c.h; path = "Phoenix-Prefix.pch"; sourceTree = "<group>"; };
		9445CA2119083251002568BB /* app_delegate.m */ = {isa = PBXFileReference; lastKnownFileType = sourcecode.c.objc; path = app_delegate.m; sourceTree = "<group>"; };
		9445CA2419083251002568BB /* Base */ = {isa = PBXFileReference; lastKnownFileType = file.xib; name = Base; path = Base.lproj/MainMenu.xib; sourceTree = "<group>"; };
		9445CA2619083251002568BB /* Images.xcassets */ = {isa = PBXFileReference; lastKnownFileType = folder.assetcatalog; path = Images.xcassets; sourceTree = "<group>"; };
		9445CA2D19083251002568BB /* XCTest.framework */ = {isa = PBXFileReference; lastKnownFileType = wrapper.framework; name = XCTest.framework; path = Library/Frameworks/XCTest.framework; sourceTree = DEVELOPER_DIR; };
		9445CA43190833C1002568BB /* lapi.c */ = {isa = PBXFileReference; fileEncoding = 4; lastKnownFileType = sourcecode.c.c; path = lapi.c; sourceTree = "<group>"; };
		9445CA44190833C1002568BB /* lapi.h */ = {isa = PBXFileReference; fileEncoding = 4; lastKnownFileType = sourcecode.c.h; path = lapi.h; sourceTree = "<group>"; };
		9445CA45190833C1002568BB /* lauxlib.c */ = {isa = PBXFileReference; fileEncoding = 4; lastKnownFileType = sourcecode.c.c; path = lauxlib.c; sourceTree = "<group>"; };
		9445CA46190833C1002568BB /* lauxlib.h */ = {isa = PBXFileReference; fileEncoding = 4; lastKnownFileType = sourcecode.c.h; path = lauxlib.h; sourceTree = "<group>"; };
		9445CA47190833C1002568BB /* lbaselib.c */ = {isa = PBXFileReference; fileEncoding = 4; lastKnownFileType = sourcecode.c.c; path = lbaselib.c; sourceTree = "<group>"; };
		9445CA48190833C1002568BB /* lbitlib.c */ = {isa = PBXFileReference; fileEncoding = 4; lastKnownFileType = sourcecode.c.c; path = lbitlib.c; sourceTree = "<group>"; };
		9445CA49190833C1002568BB /* lcode.c */ = {isa = PBXFileReference; fileEncoding = 4; lastKnownFileType = sourcecode.c.c; path = lcode.c; sourceTree = "<group>"; };
		9445CA4A190833C1002568BB /* lcode.h */ = {isa = PBXFileReference; fileEncoding = 4; lastKnownFileType = sourcecode.c.h; path = lcode.h; sourceTree = "<group>"; };
		9445CA4B190833C1002568BB /* lcorolib.c */ = {isa = PBXFileReference; fileEncoding = 4; lastKnownFileType = sourcecode.c.c; path = lcorolib.c; sourceTree = "<group>"; };
		9445CA4C190833C1002568BB /* lctype.c */ = {isa = PBXFileReference; fileEncoding = 4; lastKnownFileType = sourcecode.c.c; path = lctype.c; sourceTree = "<group>"; };
		9445CA4D190833C1002568BB /* lctype.h */ = {isa = PBXFileReference; fileEncoding = 4; lastKnownFileType = sourcecode.c.h; path = lctype.h; sourceTree = "<group>"; };
		9445CA4E190833C1002568BB /* ldblib.c */ = {isa = PBXFileReference; fileEncoding = 4; lastKnownFileType = sourcecode.c.c; path = ldblib.c; sourceTree = "<group>"; };
		9445CA4F190833C1002568BB /* ldebug.c */ = {isa = PBXFileReference; fileEncoding = 4; lastKnownFileType = sourcecode.c.c; path = ldebug.c; sourceTree = "<group>"; };
		9445CA50190833C1002568BB /* ldebug.h */ = {isa = PBXFileReference; fileEncoding = 4; lastKnownFileType = sourcecode.c.h; path = ldebug.h; sourceTree = "<group>"; };
		9445CA51190833C1002568BB /* ldo.c */ = {isa = PBXFileReference; fileEncoding = 4; lastKnownFileType = sourcecode.c.c; path = ldo.c; sourceTree = "<group>"; };
		9445CA52190833C1002568BB /* ldo.h */ = {isa = PBXFileReference; fileEncoding = 4; lastKnownFileType = sourcecode.c.h; path = ldo.h; sourceTree = "<group>"; };
		9445CA53190833C1002568BB /* ldump.c */ = {isa = PBXFileReference; fileEncoding = 4; lastKnownFileType = sourcecode.c.c; path = ldump.c; sourceTree = "<group>"; };
		9445CA54190833C1002568BB /* lfunc.c */ = {isa = PBXFileReference; fileEncoding = 4; lastKnownFileType = sourcecode.c.c; path = lfunc.c; sourceTree = "<group>"; };
		9445CA55190833C1002568BB /* lfunc.h */ = {isa = PBXFileReference; fileEncoding = 4; lastKnownFileType = sourcecode.c.h; path = lfunc.h; sourceTree = "<group>"; };
		9445CA56190833C1002568BB /* lgc.c */ = {isa = PBXFileReference; fileEncoding = 4; lastKnownFileType = sourcecode.c.c; path = lgc.c; sourceTree = "<group>"; };
		9445CA57190833C1002568BB /* lgc.h */ = {isa = PBXFileReference; fileEncoding = 4; lastKnownFileType = sourcecode.c.h; path = lgc.h; sourceTree = "<group>"; };
		9445CA58190833C1002568BB /* linit.c */ = {isa = PBXFileReference; fileEncoding = 4; lastKnownFileType = sourcecode.c.c; path = linit.c; sourceTree = "<group>"; };
		9445CA59190833C1002568BB /* liolib.c */ = {isa = PBXFileReference; fileEncoding = 4; lastKnownFileType = sourcecode.c.c; path = liolib.c; sourceTree = "<group>"; };
		9445CA5A190833C1002568BB /* llex.c */ = {isa = PBXFileReference; fileEncoding = 4; lastKnownFileType = sourcecode.c.c; path = llex.c; sourceTree = "<group>"; };
		9445CA5B190833C1002568BB /* llex.h */ = {isa = PBXFileReference; fileEncoding = 4; lastKnownFileType = sourcecode.c.h; path = llex.h; sourceTree = "<group>"; };
		9445CA5C190833C1002568BB /* llimits.h */ = {isa = PBXFileReference; fileEncoding = 4; lastKnownFileType = sourcecode.c.h; path = llimits.h; sourceTree = "<group>"; };
		9445CA5D190833C1002568BB /* lmathlib.c */ = {isa = PBXFileReference; fileEncoding = 4; lastKnownFileType = sourcecode.c.c; path = lmathlib.c; sourceTree = "<group>"; };
		9445CA5E190833C1002568BB /* lmem.c */ = {isa = PBXFileReference; fileEncoding = 4; lastKnownFileType = sourcecode.c.c; path = lmem.c; sourceTree = "<group>"; };
		9445CA5F190833C1002568BB /* lmem.h */ = {isa = PBXFileReference; fileEncoding = 4; lastKnownFileType = sourcecode.c.h; path = lmem.h; sourceTree = "<group>"; };
		9445CA60190833C1002568BB /* loadlib.c */ = {isa = PBXFileReference; fileEncoding = 4; lastKnownFileType = sourcecode.c.c; path = loadlib.c; sourceTree = "<group>"; };
		9445CA61190833C1002568BB /* lobject.c */ = {isa = PBXFileReference; fileEncoding = 4; lastKnownFileType = sourcecode.c.c; path = lobject.c; sourceTree = "<group>"; };
		9445CA62190833C1002568BB /* lobject.h */ = {isa = PBXFileReference; fileEncoding = 4; lastKnownFileType = sourcecode.c.h; path = lobject.h; sourceTree = "<group>"; };
		9445CA63190833C1002568BB /* lopcodes.c */ = {isa = PBXFileReference; fileEncoding = 4; lastKnownFileType = sourcecode.c.c; path = lopcodes.c; sourceTree = "<group>"; };
		9445CA64190833C1002568BB /* lopcodes.h */ = {isa = PBXFileReference; fileEncoding = 4; lastKnownFileType = sourcecode.c.h; path = lopcodes.h; sourceTree = "<group>"; };
		9445CA65190833C1002568BB /* loslib.c */ = {isa = PBXFileReference; fileEncoding = 4; lastKnownFileType = sourcecode.c.c; path = loslib.c; sourceTree = "<group>"; };
		9445CA66190833C1002568BB /* lparser.c */ = {isa = PBXFileReference; fileEncoding = 4; lastKnownFileType = sourcecode.c.c; path = lparser.c; sourceTree = "<group>"; };
		9445CA67190833C1002568BB /* lparser.h */ = {isa = PBXFileReference; fileEncoding = 4; lastKnownFileType = sourcecode.c.h; path = lparser.h; sourceTree = "<group>"; };
		9445CA68190833C1002568BB /* lstate.c */ = {isa = PBXFileReference; fileEncoding = 4; lastKnownFileType = sourcecode.c.c; path = lstate.c; sourceTree = "<group>"; };
		9445CA69190833C1002568BB /* lstate.h */ = {isa = PBXFileReference; fileEncoding = 4; lastKnownFileType = sourcecode.c.h; path = lstate.h; sourceTree = "<group>"; };
		9445CA6A190833C1002568BB /* lstring.c */ = {isa = PBXFileReference; fileEncoding = 4; lastKnownFileType = sourcecode.c.c; path = lstring.c; sourceTree = "<group>"; };
		9445CA6B190833C1002568BB /* lstring.h */ = {isa = PBXFileReference; fileEncoding = 4; lastKnownFileType = sourcecode.c.h; path = lstring.h; sourceTree = "<group>"; };
		9445CA6C190833C1002568BB /* lstrlib.c */ = {isa = PBXFileReference; fileEncoding = 4; lastKnownFileType = sourcecode.c.c; path = lstrlib.c; sourceTree = "<group>"; };
		9445CA6D190833C1002568BB /* ltable.c */ = {isa = PBXFileReference; fileEncoding = 4; lastKnownFileType = sourcecode.c.c; path = ltable.c; sourceTree = "<group>"; };
		9445CA6E190833C1002568BB /* ltable.h */ = {isa = PBXFileReference; fileEncoding = 4; lastKnownFileType = sourcecode.c.h; path = ltable.h; sourceTree = "<group>"; };
		9445CA6F190833C1002568BB /* ltablib.c */ = {isa = PBXFileReference; fileEncoding = 4; lastKnownFileType = sourcecode.c.c; path = ltablib.c; sourceTree = "<group>"; };
		9445CA70190833C1002568BB /* ltm.c */ = {isa = PBXFileReference; fileEncoding = 4; lastKnownFileType = sourcecode.c.c; path = ltm.c; sourceTree = "<group>"; };
		9445CA71190833C1002568BB /* ltm.h */ = {isa = PBXFileReference; fileEncoding = 4; lastKnownFileType = sourcecode.c.h; path = ltm.h; sourceTree = "<group>"; };
		9445CA74190833C1002568BB /* lua.hpp */ = {isa = PBXFileReference; fileEncoding = 4; lastKnownFileType = sourcecode.cpp.h; path = lua.hpp; sourceTree = "<group>"; };
		9445CA76190833C1002568BB /* luaconf.h */ = {isa = PBXFileReference; fileEncoding = 4; lastKnownFileType = sourcecode.c.h; path = luaconf.h; sourceTree = "<group>"; };
		9445CA77190833C1002568BB /* lualib.h */ = {isa = PBXFileReference; fileEncoding = 4; lastKnownFileType = sourcecode.c.h; path = lualib.h; sourceTree = "<group>"; };
		9445CA78190833C1002568BB /* lundump.c */ = {isa = PBXFileReference; fileEncoding = 4; lastKnownFileType = sourcecode.c.c; path = lundump.c; sourceTree = "<group>"; };
		9445CA79190833C1002568BB /* lundump.h */ = {isa = PBXFileReference; fileEncoding = 4; lastKnownFileType = sourcecode.c.h; path = lundump.h; sourceTree = "<group>"; };
		9445CA7A190833C1002568BB /* lvm.c */ = {isa = PBXFileReference; fileEncoding = 4; lastKnownFileType = sourcecode.c.c; path = lvm.c; sourceTree = "<group>"; };
		9445CA7B190833C1002568BB /* lvm.h */ = {isa = PBXFileReference; fileEncoding = 4; lastKnownFileType = sourcecode.c.h; path = lvm.h; sourceTree = "<group>"; };
		9445CA7C190833C1002568BB /* lzio.c */ = {isa = PBXFileReference; fileEncoding = 4; lastKnownFileType = sourcecode.c.c; path = lzio.c; sourceTree = "<group>"; };
		9445CA7D190833C1002568BB /* lzio.h */ = {isa = PBXFileReference; fileEncoding = 4; lastKnownFileType = sourcecode.c.h; path = lzio.h; sourceTree = "<group>"; };
		9445CAA019083402002568BB /* lua.h */ = {isa = PBXFileReference; lastKnownFileType = sourcecode.c.h; path = lua.h; sourceTree = "<group>"; };
		9445CAA4190847CB002568BB /* phoenix_init.lua */ = {isa = PBXFileReference; fileEncoding = 4; lastKnownFileType = text; path = phoenix_init.lua; sourceTree = "<group>"; };
		94521299194D59F800217584 /* mouse.m */ = {isa = PBXFileReference; fileEncoding = 4; lastKnownFileType = sourcecode.c.objc; path = mouse.m; sourceTree = "<group>"; };
		9452129B194D5B8F00217584 /* login.m */ = {isa = PBXFileReference; fileEncoding = 4; lastKnownFileType = sourcecode.c.objc; path = login.m; sourceTree = "<group>"; };
		9452129D194D65BF00217584 /* alert.m */ = {isa = PBXFileReference; fileEncoding = 4; lastKnownFileType = sourcecode.c.objc; path = alert.m; sourceTree = "<group>"; };
		9452129F194D697100217584 /* AlertWindow.xib */ = {isa = PBXFileReference; fileEncoding = 4; lastKnownFileType = file.xib; path = AlertWindow.xib; sourceTree = "<group>"; };
		945212A1194D69E700217584 /* path_watcher.m */ = {isa = PBXFileReference; fileEncoding = 4; lastKnownFileType = sourcecode.c.objc; path = path_watcher.m; sourceTree = "<group>"; };
		945212A3194D6A6000217584 /* menu_icon.m */ = {isa = PBXFileReference; fileEncoding = 4; lastKnownFileType = sourcecode.c.objc; path = menu_icon.m; sourceTree = "<group>"; };
		945212A5194D6B5900217584 /* statusitem.png */ = {isa = PBXFileReference; lastKnownFileType = image.png; path = statusitem.png; sourceTree = "<group>"; };
		945212A6194D6B5900217584 /* statusitem@2x.png */ = {isa = PBXFileReference; lastKnownFileType = image.png; path = "statusitem@2x.png"; sourceTree = "<group>"; };
		945212A9194D6CF700217584 /* misc.m */ = {isa = PBXFileReference; fileEncoding = 4; lastKnownFileType = sourcecode.c.objc; path = misc.m; sourceTree = "<group>"; };
		9459B58E194CEB07008BC904 /* key_translator.m */ = {isa = PBXFileReference; fileEncoding = 4; lastKnownFileType = sourcecode.c.objc; path = key_translator.m; sourceTree = "<group>"; };
		9459B591194CEE1E008BC904 /* hotkey.m */ = {isa = PBXFileReference; fileEncoding = 4; lastKnownFileType = sourcecode.c.objc; path = hotkey.m; sourceTree = "<group>"; };
		94A1537B194D77A400F29F8F /* window.lua */ = {isa = PBXFileReference; fileEncoding = 4; lastKnownFileType = text; path = window.lua; sourceTree = "<group>"; };
		94BDB49B19094B7A00BD0553 /* app.m */ = {isa = PBXFileReference; fileEncoding = 4; lastKnownFileType = sourcecode.c.objc; path = app.m; sourceTree = "<group>"; };
		94C3693D194DD93600EE3A2D /* window.m */ = {isa = PBXFileReference; fileEncoding = 4; lastKnownFileType = sourcecode.c.objc; path = window.m; sourceTree = "<group>"; };
		94C3693F194DD94700EE3A2D /* updater.m */ = {isa = PBXFileReference; fileEncoding = 4; lastKnownFileType = sourcecode.c.objc; path = updater.m; sourceTree = "<group>"; };
		94C36941194DD94D00EE3A2D /* updater.lua */ = {isa = PBXFileReference; fileEncoding = 4; lastKnownFileType = text; path = updater.lua; sourceTree = "<group>"; };
/* End PBXFileReference section */

/* Begin PBXFrameworksBuildPhase section */
		9445CA0819083251002568BB /* Frameworks */ = {
			isa = PBXFrameworksBuildPhase;
			buildActionMask = 2147483647;
			files = (
				9445CA0F19083251002568BB /* Cocoa.framework in Frameworks */,
			);
			runOnlyForDeploymentPostprocessing = 0;
		};
/* End PBXFrameworksBuildPhase section */

/* Begin PBXGroup section */
		9445CA0219083251002568BB = {
			isa = PBXGroup;
			children = (
				9445CA1419083251002568BB /* Phoenix */,
				9445CA0D19083251002568BB /* Frameworks */,
				9445CA0C19083251002568BB /* Products */,
			);
			sourceTree = "<group>";
		};
		9445CA0C19083251002568BB /* Products */ = {
			isa = PBXGroup;
			children = (
				9445CA0B19083251002568BB /* Phoenix.app */,
			);
			name = Products;
			sourceTree = "<group>";
		};
		9445CA0D19083251002568BB /* Frameworks */ = {
			isa = PBXGroup;
			children = (
				9445CA0E19083251002568BB /* Cocoa.framework */,
				9445CA2D19083251002568BB /* XCTest.framework */,
				9445CA1019083251002568BB /* Other Frameworks */,
			);
			name = Frameworks;
			sourceTree = "<group>";
		};
		9445CA1019083251002568BB /* Other Frameworks */ = {
			isa = PBXGroup;
			children = (
				9445CA1119083251002568BB /* AppKit.framework */,
				9445CA1219083251002568BB /* CoreData.framework */,
				9445CA1319083251002568BB /* Foundation.framework */,
			);
			name = "Other Frameworks";
			sourceTree = "<group>";
		};
		9445CA1419083251002568BB /* Phoenix */ = {
			isa = PBXGroup;
			children = (
				9445CA42190833C1002568BB /* lua */,
				9445CA2119083251002568BB /* app_delegate.m */,
				94C3693F194DD94700EE3A2D /* updater.m */,
				94C36941194DD94D00EE3A2D /* updater.lua */,
				9459B58E194CEB07008BC904 /* key_translator.m */,
				945212A9194D6CF700217584 /* misc.m */,
				9459B591194CEE1E008BC904 /* hotkey.m */,
				94BDB49B19094B7A00BD0553 /* app.m */,
				94521299194D59F800217584 /* mouse.m */,
				9452129B194D5B8F00217584 /* login.m */,
				9452129D194D65BF00217584 /* alert.m */,
				945212A1194D69E700217584 /* path_watcher.m */,
				945212A3194D6A6000217584 /* menu_icon.m */,
				94C3693D194DD93600EE3A2D /* window.m */,
				94A1537B194D77A400F29F8F /* window.lua */,
				9452129F194D697100217584 /* AlertWindow.xib */,
				945212A5194D6B5900217584 /* statusitem.png */,
				945212A6194D6B5900217584 /* statusitem@2x.png */,
				9445CAA4190847CB002568BB /* phoenix_init.lua */,
				9445CA2319083251002568BB /* MainMenu.xib */,
				9445CA2619083251002568BB /* Images.xcassets */,
				9445CA1519083251002568BB /* Supporting Files */,
			);
			path = Phoenix;
			sourceTree = "<group>";
		};
		9445CA1519083251002568BB /* Supporting Files */ = {
			isa = PBXGroup;
			children = (
				9445CA1619083251002568BB /* Phoenix-Info.plist */,
				9445CA1A19083251002568BB /* main.m */,
				9445CA1C19083251002568BB /* Phoenix-Prefix.pch */,
			);
			name = "Supporting Files";
			sourceTree = "<group>";
		};
		9445CA42190833C1002568BB /* lua */ = {
			isa = PBXGroup;
			children = (
				9445CA43190833C1002568BB /* lapi.c */,
				9445CA44190833C1002568BB /* lapi.h */,
				9445CA45190833C1002568BB /* lauxlib.c */,
				9445CA46190833C1002568BB /* lauxlib.h */,
				9445CA47190833C1002568BB /* lbaselib.c */,
				9445CA48190833C1002568BB /* lbitlib.c */,
				9445CA49190833C1002568BB /* lcode.c */,
				9445CA4A190833C1002568BB /* lcode.h */,
				9445CA4B190833C1002568BB /* lcorolib.c */,
				9445CA4C190833C1002568BB /* lctype.c */,
				9445CA4D190833C1002568BB /* lctype.h */,
				9445CA4E190833C1002568BB /* ldblib.c */,
				9445CA4F190833C1002568BB /* ldebug.c */,
				9445CA50190833C1002568BB /* ldebug.h */,
				9445CA51190833C1002568BB /* ldo.c */,
				9445CA52190833C1002568BB /* ldo.h */,
				9445CA53190833C1002568BB /* ldump.c */,
				9445CA54190833C1002568BB /* lfunc.c */,
				9445CA55190833C1002568BB /* lfunc.h */,
				9445CA56190833C1002568BB /* lgc.c */,
				9445CA57190833C1002568BB /* lgc.h */,
				9445CA58190833C1002568BB /* linit.c */,
				9445CA59190833C1002568BB /* liolib.c */,
				9445CA5A190833C1002568BB /* llex.c */,
				9445CA5B190833C1002568BB /* llex.h */,
				9445CA5C190833C1002568BB /* llimits.h */,
				9445CA5D190833C1002568BB /* lmathlib.c */,
				9445CA5E190833C1002568BB /* lmem.c */,
				9445CA5F190833C1002568BB /* lmem.h */,
				9445CA60190833C1002568BB /* loadlib.c */,
				9445CA61190833C1002568BB /* lobject.c */,
				9445CA62190833C1002568BB /* lobject.h */,
				9445CA63190833C1002568BB /* lopcodes.c */,
				9445CA64190833C1002568BB /* lopcodes.h */,
				9445CA65190833C1002568BB /* loslib.c */,
				9445CA66190833C1002568BB /* lparser.c */,
				9445CA67190833C1002568BB /* lparser.h */,
				9445CA68190833C1002568BB /* lstate.c */,
				9445CA69190833C1002568BB /* lstate.h */,
				9445CA6A190833C1002568BB /* lstring.c */,
				9445CA6B190833C1002568BB /* lstring.h */,
				9445CA6C190833C1002568BB /* lstrlib.c */,
				9445CA6D190833C1002568BB /* ltable.c */,
				9445CA6E190833C1002568BB /* ltable.h */,
				9445CA6F190833C1002568BB /* ltablib.c */,
				9445CAA019083402002568BB /* lua.h */,
				9445CA70190833C1002568BB /* ltm.c */,
				9445CA71190833C1002568BB /* ltm.h */,
				9445CA74190833C1002568BB /* lua.hpp */,
				9445CA76190833C1002568BB /* luaconf.h */,
				9445CA77190833C1002568BB /* lualib.h */,
				9445CA78190833C1002568BB /* lundump.c */,
				9445CA79190833C1002568BB /* lundump.h */,
				9445CA7A190833C1002568BB /* lvm.c */,
				9445CA7B190833C1002568BB /* lvm.h */,
				9445CA7C190833C1002568BB /* lzio.c */,
				9445CA7D190833C1002568BB /* lzio.h */,
			);
			path = lua;
			sourceTree = "<group>";
		};
/* End PBXGroup section */

/* Begin PBXNativeTarget section */
		9445CA0A19083251002568BB /* Phoenix */ = {
			isa = PBXNativeTarget;
			buildConfigurationList = 9445CA3C19083251002568BB /* Build configuration list for PBXNativeTarget "Phoenix" */;
			buildPhases = (
				9445CA0719083251002568BB /* Sources */,
				9445CA0819083251002568BB /* Frameworks */,
				9445CA0919083251002568BB /* Resources */,
			);
			buildRules = (
			);
			dependencies = (
			);
			name = Phoenix;
			productName = Hydra;
			productReference = 9445CA0B19083251002568BB /* Phoenix.app */;
			productType = "com.apple.product-type.application";
		};
/* End PBXNativeTarget section */

/* Begin PBXProject section */
		9445CA0319083251002568BB /* Project object */ = {
			isa = PBXProject;
			attributes = {
				CLASSPREFIX = PH;
				LastUpgradeCheck = 0510;
				ORGANIZATIONNAME = Steven;
			};
			buildConfigurationList = 9445CA0619083251002568BB /* Build configuration list for PBXProject "Phoenix" */;
			compatibilityVersion = "Xcode 3.2";
			developmentRegion = English;
			hasScannedForEncodings = 0;
			knownRegions = (
				en,
				Base,
			);
			mainGroup = 9445CA0219083251002568BB;
			productRefGroup = 9445CA0C19083251002568BB /* Products */;
			projectDirPath = "";
			projectRoot = "";
			targets = (
				9445CA0A19083251002568BB /* Phoenix */,
			);
		};
/* End PBXProject section */

/* Begin PBXResourcesBuildPhase section */
		9445CA0919083251002568BB /* Resources */ = {
			isa = PBXResourcesBuildPhase;
			buildActionMask = 2147483647;
			files = (
				94C36942194DD94D00EE3A2D /* updater.lua in Resources */,
				945212A0194D697100217584 /* AlertWindow.xib in Resources */,
				94A1537C194D77A400F29F8F /* window.lua in Resources */,
				9445CA2719083251002568BB /* Images.xcassets in Resources */,
				945212A7194D6B5900217584 /* statusitem.png in Resources */,
				9445CAA5190847CB002568BB /* phoenix_init.lua in Resources */,
				9445CA2519083251002568BB /* MainMenu.xib in Resources */,
				945212A8194D6B5900217584 /* statusitem@2x.png in Resources */,
			);
			runOnlyForDeploymentPostprocessing = 0;
		};
/* End PBXResourcesBuildPhase section */

/* Begin PBXSourcesBuildPhase section */
		9445CA0719083251002568BB /* Sources */ = {
			isa = PBXSourcesBuildPhase;
			buildActionMask = 2147483647;
			files = (
				9445CA82190833C1002568BB /* lcode.c in Sources */,
				9452129A194D59F800217584 /* mouse.m in Sources */,
				9459B592194CEE1E008BC904 /* hotkey.m in Sources */,
				945212A4194D6A6000217584 /* menu_icon.m in Sources */,
				9445CA83190833C1002568BB /* lcorolib.c in Sources */,
				9445CA89190833C1002568BB /* lfunc.c in Sources */,
				9445CA2219083251002568BB /* app_delegate.m in Sources */,
				9445CA86190833C1002568BB /* ldebug.c in Sources */,
				9445CA8C190833C1002568BB /* liolib.c in Sources */,
				9445CA93190833C1002568BB /* loslib.c in Sources */,
				9452129C194D5B8F00217584 /* login.m in Sources */,
				9445CA80190833C1002568BB /* lbaselib.c in Sources */,
				9445CA9A190833C1002568BB /* ltm.c in Sources */,
				9445CA85190833C1002568BB /* ldblib.c in Sources */,
				945212A2194D69E700217584 /* path_watcher.m in Sources */,
				9445CA81190833C1002568BB /* lbitlib.c in Sources */,
				9445CA8B190833C1002568BB /* linit.c in Sources */,
				9445CA9E190833C1002568BB /* lvm.c in Sources */,
				9445CA8F190833C1002568BB /* lmem.c in Sources */,
				9445CA88190833C1002568BB /* ldump.c in Sources */,
				9452129E194D65BF00217584 /* alert.m in Sources */,
				9445CA96190833C1002568BB /* lstring.c in Sources */,
				9445CA7E190833C1002568BB /* lapi.c in Sources */,
				9445CA9F190833C1002568BB /* lzio.c in Sources */,
				94C36940194DD94700EE3A2D /* updater.m in Sources */,
				9445CA95190833C1002568BB /* lstate.c in Sources */,
				9445CA92190833C1002568BB /* lopcodes.c in Sources */,
				9445CA8D190833C1002568BB /* llex.c in Sources */,
				94C3693E194DD93600EE3A2D /* window.m in Sources */,
				9445CA9D190833C1002568BB /* lundump.c in Sources */,
				9445CA1B19083251002568BB /* main.m in Sources */,
				9445CA87190833C1002568BB /* ldo.c in Sources */,
				9445CA90190833C1002568BB /* loadlib.c in Sources */,
				9445CA91190833C1002568BB /* lobject.c in Sources */,
				94BDB49C19094B7A00BD0553 /* app.m in Sources */,
				9445CA99190833C1002568BB /* ltablib.c in Sources */,
				9445CA97190833C1002568BB /* lstrlib.c in Sources */,
				9445CA8E190833C1002568BB /* lmathlib.c in Sources */,
				9445CA8A190833C1002568BB /* lgc.c in Sources */,
				9459B58F194CEB07008BC904 /* key_translator.m in Sources */,
				9445CA84190833C1002568BB /* lctype.c in Sources */,
				9445CA7F190833C1002568BB /* lauxlib.c in Sources */,
				9445CA94190833C1002568BB /* lparser.c in Sources */,
				945212AA194D6CF700217584 /* misc.m in Sources */,
				9445CA98190833C1002568BB /* ltable.c in Sources */,
			);
			runOnlyForDeploymentPostprocessing = 0;
		};
/* End PBXSourcesBuildPhase section */

/* Begin PBXVariantGroup section */
		9445CA2319083251002568BB /* MainMenu.xib */ = {
			isa = PBXVariantGroup;
			children = (
				9445CA2419083251002568BB /* Base */,
			);
			name = MainMenu.xib;
			sourceTree = "<group>";
		};
/* End PBXVariantGroup section */

/* Begin XCBuildConfiguration section */
		9445CA3A19083251002568BB /* Debug */ = {
			isa = XCBuildConfiguration;
			buildSettings = {
				ALWAYS_SEARCH_USER_PATHS = NO;
				CLANG_CXX_LANGUAGE_STANDARD = "gnu++0x";
				CLANG_CXX_LIBRARY = "libc++";
				CLANG_ENABLE_MODULES = YES;
				CLANG_ENABLE_OBJC_ARC = YES;
				CLANG_WARN_BOOL_CONVERSION = YES;
				CLANG_WARN_CONSTANT_CONVERSION = YES;
				CLANG_WARN_DIRECT_OBJC_ISA_USAGE = YES_ERROR;
				CLANG_WARN_EMPTY_BODY = YES;
				CLANG_WARN_ENUM_CONVERSION = YES;
				CLANG_WARN_INT_CONVERSION = YES;
				CLANG_WARN_OBJC_ROOT_CLASS = YES_ERROR;
				CLANG_WARN__DUPLICATE_METHOD_MATCH = YES;
				COPY_PHASE_STRIP = NO;
				GCC_C_LANGUAGE_STANDARD = gnu99;
				GCC_DYNAMIC_NO_PIC = NO;
				GCC_ENABLE_OBJC_EXCEPTIONS = YES;
				GCC_OPTIMIZATION_LEVEL = 0;
				GCC_PREPROCESSOR_DEFINITIONS = (
					"DEBUG=1",
					"$(inherited)",
				);
				GCC_SYMBOLS_PRIVATE_EXTERN = NO;
				GCC_WARN_64_TO_32_BIT_CONVERSION = YES;
				GCC_WARN_ABOUT_RETURN_TYPE = YES_ERROR;
				GCC_WARN_UNDECLARED_SELECTOR = YES;
				GCC_WARN_UNINITIALIZED_AUTOS = YES_AGGRESSIVE;
				GCC_WARN_UNUSED_FUNCTION = YES;
				GCC_WARN_UNUSED_VARIABLE = YES;
				MACOSX_DEPLOYMENT_TARGET = 10.9;
				ONLY_ACTIVE_ARCH = YES;
				SDKROOT = macosx;
			};
			name = Debug;
		};
		9445CA3B19083251002568BB /* Release */ = {
			isa = XCBuildConfiguration;
			buildSettings = {
				ALWAYS_SEARCH_USER_PATHS = NO;
				CLANG_CXX_LANGUAGE_STANDARD = "gnu++0x";
				CLANG_CXX_LIBRARY = "libc++";
				CLANG_ENABLE_MODULES = YES;
				CLANG_ENABLE_OBJC_ARC = YES;
				CLANG_WARN_BOOL_CONVERSION = YES;
				CLANG_WARN_CONSTANT_CONVERSION = YES;
				CLANG_WARN_DIRECT_OBJC_ISA_USAGE = YES_ERROR;
				CLANG_WARN_EMPTY_BODY = YES;
				CLANG_WARN_ENUM_CONVERSION = YES;
				CLANG_WARN_INT_CONVERSION = YES;
				CLANG_WARN_OBJC_ROOT_CLASS = YES_ERROR;
				CLANG_WARN__DUPLICATE_METHOD_MATCH = YES;
				COPY_PHASE_STRIP = YES;
				DEBUG_INFORMATION_FORMAT = "dwarf-with-dsym";
				ENABLE_NS_ASSERTIONS = NO;
				GCC_C_LANGUAGE_STANDARD = gnu99;
				GCC_ENABLE_OBJC_EXCEPTIONS = YES;
				GCC_WARN_64_TO_32_BIT_CONVERSION = YES;
				GCC_WARN_ABOUT_RETURN_TYPE = YES_ERROR;
				GCC_WARN_UNDECLARED_SELECTOR = YES;
				GCC_WARN_UNINITIALIZED_AUTOS = YES_AGGRESSIVE;
				GCC_WARN_UNUSED_FUNCTION = YES;
				GCC_WARN_UNUSED_VARIABLE = YES;
				MACOSX_DEPLOYMENT_TARGET = 10.9;
				SDKROOT = macosx;
			};
			name = Release;
		};
		9445CA3D19083251002568BB /* Debug */ = {
			isa = XCBuildConfiguration;
			buildSettings = {
				ASSETCATALOG_COMPILER_APPICON_NAME = AppIcon;
				COMBINE_HIDPI_IMAGES = YES;
				GCC_PRECOMPILE_PREFIX_HEADER = YES;
				GCC_PREFIX_HEADER = "Phoenix/Phoenix-Prefix.pch";
				INFOPLIST_FILE = "Phoenix/Phoenix-Info.plist";
				PRODUCT_NAME = Phoenix;
				WRAPPER_EXTENSION = app;
			};
			name = Debug;
		};
		9445CA3E19083251002568BB /* Release */ = {
			isa = XCBuildConfiguration;
			buildSettings = {
				ASSETCATALOG_COMPILER_APPICON_NAME = AppIcon;
				COMBINE_HIDPI_IMAGES = YES;
				GCC_PRECOMPILE_PREFIX_HEADER = YES;
				GCC_PREFIX_HEADER = "Phoenix/Phoenix-Prefix.pch";
				INFOPLIST_FILE = "Phoenix/Phoenix-Info.plist";
				PRODUCT_NAME = Phoenix;
				WRAPPER_EXTENSION = app;
			};
			name = Release;
		};
/* End XCBuildConfiguration section */

/* Begin XCConfigurationList section */
		9445CA0619083251002568BB /* Build configuration list for PBXProject "Phoenix" */ = {
			isa = XCConfigurationList;
			buildConfigurations = (
				9445CA3A19083251002568BB /* Debug */,
				9445CA3B19083251002568BB /* Release */,
			);
			defaultConfigurationIsVisible = 0;
			defaultConfigurationName = Release;
		};
		9445CA3C19083251002568BB /* Build configuration list for PBXNativeTarget "Phoenix" */ = {
			isa = XCConfigurationList;
			buildConfigurations = (
				9445CA3D19083251002568BB /* Debug */,
				9445CA3E19083251002568BB /* Release */,
			);
			defaultConfigurationIsVisible = 0;
			defaultConfigurationName = Release;
		};
/* End XCConfigurationList section */
	};
	rootObject = 9445CA0319083251002568BB /* Project object */;
}
